// !$*UTF8*$!
{
	archiveVersion = 1;
	classes = {
	};
	objectVersion = 56;
	objects = {

/* Begin PBXBuildFile section */
		9102B0112B471101009B6464 /* CodableFeedStore.swift in Sources */ = {isa = PBXBuildFile; fileRef = 9102B0102B471101009B6464 /* CodableFeedStore.swift */; };
		9102B0132B484643009B6464 /* FeedStoreSpecs.swift in Sources */ = {isa = PBXBuildFile; fileRef = 9102B0122B484643009B6464 /* FeedStoreSpecs.swift */; };
		9102B0152B484A33009B6464 /* XCTestCase+FeedStoreSpecs.swift in Sources */ = {isa = PBXBuildFile; fileRef = 9102B0142B484A33009B6464 /* XCTestCase+FeedStoreSpecs.swift */; };
		9102B0172B484FE5009B6464 /* XCTestCase+FailableRetrieveFeedStoreSpecs.swift in Sources */ = {isa = PBXBuildFile; fileRef = 9102B0162B484FE5009B6464 /* XCTestCase+FailableRetrieveFeedStoreSpecs.swift */; };
		9102B0192B485113009B6464 /* XCTestCase+FailableInsertFeedStoreSpecs.swift in Sources */ = {isa = PBXBuildFile; fileRef = 9102B0182B485113009B6464 /* XCTestCase+FailableInsertFeedStoreSpecs.swift */; };
		9102B01B2B4851CC009B6464 /* XCTestCase+FailableDeleteFeedStoreSpecs.swift in Sources */ = {isa = PBXBuildFile; fileRef = 9102B01A2B4851CC009B6464 /* XCTestCase+FailableDeleteFeedStoreSpecs.swift */; };
		9102B01E2B4BF744009B6464 /* CoreDataFeedStoreTests.swift in Sources */ = {isa = PBXBuildFile; fileRef = 9102B01D2B4BF744009B6464 /* CoreDataFeedStoreTests.swift */; };
		9102B0232B4C01CB009B6464 /* CoreDataFeedStore.swift in Sources */ = {isa = PBXBuildFile; fileRef = 9102B0222B4C01CB009B6464 /* CoreDataFeedStore.swift */; };
		9102B0262B4C02AD009B6464 /* FeedStore.xcdatamodeld in Sources */ = {isa = PBXBuildFile; fileRef = 9102B0242B4C02AD009B6464 /* FeedStore.xcdatamodeld */; };
		9102B02B2B4C478D009B6464 /* CoreDataHelpers.swift in Sources */ = {isa = PBXBuildFile; fileRef = 9102B02A2B4C478D009B6464 /* CoreDataHelpers.swift */; };
		9102B02D2B4C481D009B6464 /* ManagedCache.swift in Sources */ = {isa = PBXBuildFile; fileRef = 9102B02C2B4C481D009B6464 /* ManagedCache.swift */; };
		9102B02F2B4C4844009B6464 /* ManagedFeedImage.swift in Sources */ = {isa = PBXBuildFile; fileRef = 9102B02E2B4C4844009B6464 /* ManagedFeedImage.swift */; };
		9102B0372B4E985C009B6464 /* EssentialFeedCacheIntegrationTests.swift in Sources */ = {isa = PBXBuildFile; fileRef = 9102B0362B4E985C009B6464 /* EssentialFeedCacheIntegrationTests.swift */; };
		9102B0382B4E985C009B6464 /* EssentialFeed.framework in Frameworks */ = {isa = PBXBuildFile; fileRef = 91978FB42B2B4428008714AF /* EssentialFeed.framework */; };
		9102B03F2B4E9D79009B6464 /* XCTextCase+MemoryLeakTracking.swift in Sources */ = {isa = PBXBuildFile; fileRef = 91B6DEEE2B31BFBB0026B599 /* XCTextCase+MemoryLeakTracking.swift */; };
		9102B0402B4EA0BC009B6464 /* Helpers.swift in Sources */ = {isa = PBXBuildFile; fileRef = 918EB4692B44601D00B8E847 /* Helpers.swift */; };
		9102B0412B4EA0F0009B6464 /* SharedHelpers.swift in Sources */ = {isa = PBXBuildFile; fileRef = 918EB46B2B44616800B8E847 /* SharedHelpers.swift */; };
		910F39AC2B580C86001B41C1 /* FeedUIIntegrationTests.swift in Sources */ = {isa = PBXBuildFile; fileRef = 910F39AB2B580C86001B41C1 /* FeedUIIntegrationTests.swift */; };
		910F39AE2B581096001B41C1 /* EssentialFeed.framework in Frameworks */ = {isa = PBXBuildFile; fileRef = 91978FB42B2B4428008714AF /* EssentialFeed.framework */; platformFilter = ios; };
		910F39AF2B581096001B41C1 /* EssentialFeed.framework in Embed Frameworks */ = {isa = PBXBuildFile; fileRef = 91978FB42B2B4428008714AF /* EssentialFeed.framework */; platformFilter = ios; settings = {ATTRIBUTES = (CodeSignOnCopy, RemoveHeadersOnCopy, ); }; };
		910F39B32B581250001B41C1 /* XCTextCase+MemoryLeakTracking.swift in Sources */ = {isa = PBXBuildFile; fileRef = 91B6DEEE2B31BFBB0026B599 /* XCTextCase+MemoryLeakTracking.swift */; };
		910F39B52B58328E001B41C1 /* FeedViewController.swift in Sources */ = {isa = PBXBuildFile; fileRef = 910F39B42B58328E001B41C1 /* FeedViewController.swift */; };
		910F39B62B592B6D001B41C1 /* SharedHelpers.swift in Sources */ = {isa = PBXBuildFile; fileRef = 918EB46B2B44616800B8E847 /* SharedHelpers.swift */; };
		910F39B82B592E60001B41C1 /* FeedImageCell.swift in Sources */ = {isa = PBXBuildFile; fileRef = 910F39B72B592E60001B41C1 /* FeedImageCell.swift */; };
		910F39BA2B59798B001B41C1 /* UIView+Shimmering.swift in Sources */ = {isa = PBXBuildFile; fileRef = 910F39B92B59798B001B41C1 /* UIView+Shimmering.swift */; };
		916BD90D2B73CA84009CD0F8 /* FeedErrorViewModel.swift in Sources */ = {isa = PBXBuildFile; fileRef = 916BD90C2B73CA84009CD0F8 /* FeedErrorViewModel.swift */; };
		916BD90F2B73CE32009CD0F8 /* ErrorView.swift in Sources */ = {isa = PBXBuildFile; fileRef = 916BD90E2B73CE32009CD0F8 /* ErrorView.swift */; };
		918EB4582B3DB6D400B8E847 /* SaveFeedInCacheTests.swift in Sources */ = {isa = PBXBuildFile; fileRef = 918EB4572B3DB6D400B8E847 /* SaveFeedInCacheTests.swift */; };
		918EB45B2B3ECED100B8E847 /* LocalFeedLoader.swift in Sources */ = {isa = PBXBuildFile; fileRef = 918EB45A2B3ECED100B8E847 /* LocalFeedLoader.swift */; };
		918EB45D2B3ECF8E00B8E847 /* FeedStore.swift in Sources */ = {isa = PBXBuildFile; fileRef = 918EB45C2B3ECF8E00B8E847 /* FeedStore.swift */; };
		918EB45F2B3F182300B8E847 /* RemoteFeedItem.swift in Sources */ = {isa = PBXBuildFile; fileRef = 918EB45E2B3F182300B8E847 /* RemoteFeedItem.swift */; };
		918EB4612B3F187000B8E847 /* LocalFeedImage.swift in Sources */ = {isa = PBXBuildFile; fileRef = 918EB4602B3F187000B8E847 /* LocalFeedImage.swift */; };
		918EB4632B440D6100B8E847 /* LoadFeedFromCacheTests.swift in Sources */ = {isa = PBXBuildFile; fileRef = 918EB4622B440D6100B8E847 /* LoadFeedFromCacheTests.swift */; };
		918EB4662B440EFD00B8E847 /* FeedStoreSpy.swift in Sources */ = {isa = PBXBuildFile; fileRef = 918EB4652B440EFD00B8E847 /* FeedStoreSpy.swift */; };
		918EB4682B445A9C00B8E847 /* ValidateCacheTests.swift in Sources */ = {isa = PBXBuildFile; fileRef = 918EB4672B445A9C00B8E847 /* ValidateCacheTests.swift */; };
		918EB46A2B44601D00B8E847 /* Helpers.swift in Sources */ = {isa = PBXBuildFile; fileRef = 918EB4692B44601D00B8E847 /* Helpers.swift */; };
		918EB46C2B44616800B8E847 /* SharedHelpers.swift in Sources */ = {isa = PBXBuildFile; fileRef = 918EB46B2B44616800B8E847 /* SharedHelpers.swift */; };
		918EB46E2B455A0E00B8E847 /* FeedCachePolicy.swift in Sources */ = {isa = PBXBuildFile; fileRef = 918EB46D2B455A0E00B8E847 /* FeedCachePolicy.swift */; };
		91978FB92B2B4428008714AF /* EssentialFeed.docc in Sources */ = {isa = PBXBuildFile; fileRef = 91978FB82B2B4428008714AF /* EssentialFeed.docc */; };
		91978FBF2B2B4428008714AF /* EssentialFeed.framework in Frameworks */ = {isa = PBXBuildFile; fileRef = 91978FB42B2B4428008714AF /* EssentialFeed.framework */; };
		91978FC52B2B4428008714AF /* EssentialFeed.h in Headers */ = {isa = PBXBuildFile; fileRef = 91978FB72B2B4428008714AF /* EssentialFeed.h */; settings = {ATTRIBUTES = (Public, ); }; };
		91978FCF2B2B44BE008714AF /* FeedImage.swift in Sources */ = {isa = PBXBuildFile; fileRef = 91978FCE2B2B44BE008714AF /* FeedImage.swift */; };
		91978FD12B2B4705008714AF /* FeedLoader.swift in Sources */ = {isa = PBXBuildFile; fileRef = 91978FD02B2B4705008714AF /* FeedLoader.swift */; };
		91978FD42B2B48AD008714AF /* RemoteFeedLoaderTests.swift in Sources */ = {isa = PBXBuildFile; fileRef = 91978FD32B2B48AD008714AF /* RemoteFeedLoaderTests.swift */; };
		91978FD72B2B5AD6008714AF /* RemoteFeedLoader.swift in Sources */ = {isa = PBXBuildFile; fileRef = 91978FD62B2B5AD6008714AF /* RemoteFeedLoader.swift */; };
		91AA427E2B57DEAF001D2796 /* EssentialFeediOS.docc in Sources */ = {isa = PBXBuildFile; fileRef = 91AA427D2B57DEAF001D2796 /* EssentialFeediOS.docc */; };
		91AA42842B57DEB0001D2796 /* EssentialFeediOS.framework in Frameworks */ = {isa = PBXBuildFile; fileRef = 91AA427A2B57DEAF001D2796 /* EssentialFeediOS.framework */; };
		91AA428A2B57DEB0001D2796 /* EssentialFeediOS.h in Headers */ = {isa = PBXBuildFile; fileRef = 91AA427C2B57DEAF001D2796 /* EssentialFeediOS.h */; settings = {ATTRIBUTES = (Public, ); }; };
		91B6DEE62B2DDDB10026B599 /* FeedItemsMapper.swift in Sources */ = {isa = PBXBuildFile; fileRef = 91B6DEE52B2DDDB10026B599 /* FeedItemsMapper.swift */; };
		91B6DEE82B2DDE0D0026B599 /* HTTPClient.swift in Sources */ = {isa = PBXBuildFile; fileRef = 91B6DEE72B2DDE0D0026B599 /* HTTPClient.swift */; };
		91B6DEEA2B3098ED0026B599 /* URLSessionHTTPClientTests.swift in Sources */ = {isa = PBXBuildFile; fileRef = 91B6DEE92B3098ED0026B599 /* URLSessionHTTPClientTests.swift */; };
		91B6DEEC2B31BF3B0026B599 /* URLSessionHTTPClient.swift in Sources */ = {isa = PBXBuildFile; fileRef = 91B6DEEB2B31BF3B0026B599 /* URLSessionHTTPClient.swift */; };
		91B6DEEF2B31BFBB0026B599 /* XCTextCase+MemoryLeakTracking.swift in Sources */ = {isa = PBXBuildFile; fileRef = 91B6DEEE2B31BFBB0026B599 /* XCTextCase+MemoryLeakTracking.swift */; };
		91B6DEF82B32EC050026B599 /* EssentialFeedAPIEndToEndTests.swift in Sources */ = {isa = PBXBuildFile; fileRef = 91B6DEF72B32EC050026B599 /* EssentialFeedAPIEndToEndTests.swift */; };
		91B6DEF92B32EC050026B599 /* EssentialFeed.framework in Frameworks */ = {isa = PBXBuildFile; fileRef = 91978FB42B2B4428008714AF /* EssentialFeed.framework */; };
		91B6DEFF2B32F1BB0026B599 /* XCTextCase+MemoryLeakTracking.swift in Sources */ = {isa = PBXBuildFile; fileRef = 91B6DEEE2B31BFBB0026B599 /* XCTextCase+MemoryLeakTracking.swift */; };
		91FBA62B2B4591890047E8B2 /* CodableFeedStoreTests.swift in Sources */ = {isa = PBXBuildFile; fileRef = 91FBA62A2B4591890047E8B2 /* CodableFeedStoreTests.swift */; };
		91FC95E32B5EAE7300209984 /* FeedImageDataLoader.swift in Sources */ = {isa = PBXBuildFile; fileRef = 91FC95E22B5EAE7300209984 /* FeedImageDataLoader.swift */; };
		91FC95E62B5EB50B00209984 /* UIButton+TestHelpers.swift in Sources */ = {isa = PBXBuildFile; fileRef = 91FC95E52B5EB50B00209984 /* UIButton+TestHelpers.swift */; };
		91FC95E82B5EB55A00209984 /* UIControl+TestHelpers.swift in Sources */ = {isa = PBXBuildFile; fileRef = 91FC95E72B5EB55A00209984 /* UIControl+TestHelpers.swift */; };
		91FC95EA2B5EB5AA00209984 /* UIImage+TestHelpers.swift in Sources */ = {isa = PBXBuildFile; fileRef = 91FC95E92B5EB5AA00209984 /* UIImage+TestHelpers.swift */; };
		91FC95EC2B5EB5DD00209984 /* UIRefreshControl+TestHelpers.swift in Sources */ = {isa = PBXBuildFile; fileRef = 91FC95EB2B5EB5DD00209984 /* UIRefreshControl+TestHelpers.swift */; };
		91FC95F02B5EB7F900209984 /* FeedImageCell+TestHelpers.swift in Sources */ = {isa = PBXBuildFile; fileRef = 91FC95EF2B5EB7F900209984 /* FeedImageCell+TestHelpers.swift */; };
		91FC95F22B5EB83100209984 /* FeedViewController+TestHelpers.swift in Sources */ = {isa = PBXBuildFile; fileRef = 91FC95F12B5EB83100209984 /* FeedViewController+TestHelpers.swift */; };
		91FC95F42B5EB8FA00209984 /* FeedViewControllerTests+LoaderSpy.swift in Sources */ = {isa = PBXBuildFile; fileRef = 91FC95F32B5EB8FA00209984 /* FeedViewControllerTests+LoaderSpy.swift */; };
		91FC95F82B5FBED100209984 /* FeedImageCellController.swift in Sources */ = {isa = PBXBuildFile; fileRef = 91FC95F72B5FBED100209984 /* FeedImageCellController.swift */; };
		91FC95FB2B5FC3E100209984 /* FeedUIComposer.swift in Sources */ = {isa = PBXBuildFile; fileRef = 91FC95FA2B5FC3E100209984 /* FeedUIComposer.swift */; };
		91FC96032B62BB8800209984 /* FeedPresenter.swift in Sources */ = {isa = PBXBuildFile; fileRef = 91FC96022B62BB8800209984 /* FeedPresenter.swift */; };
		91FC96052B679E8A00209984 /* FeedImagePresenter.swift in Sources */ = {isa = PBXBuildFile; fileRef = 91FC96042B679E8A00209984 /* FeedImagePresenter.swift */; };
		91FC96072B67AA9900209984 /* FeedImageViewModel.swift in Sources */ = {isa = PBXBuildFile; fileRef = 91FC96062B67AA9900209984 /* FeedImageViewModel.swift */; };
		91FC96092B67D0E000209984 /* FeedLoadingViewModel.swift in Sources */ = {isa = PBXBuildFile; fileRef = 91FC96082B67D0E000209984 /* FeedLoadingViewModel.swift */; };
		91FC960B2B67D12F00209984 /* FeedViewModel.swift in Sources */ = {isa = PBXBuildFile; fileRef = 91FC960A2B67D12F00209984 /* FeedViewModel.swift */; };
		91FC960D2B692C6800209984 /* Feed.storyboard in Resources */ = {isa = PBXBuildFile; fileRef = 91FC960C2B692C6800209984 /* Feed.storyboard */; };
		91FC960F2B692D8700209984 /* Feed.xcassets in Resources */ = {isa = PBXBuildFile; fileRef = 91FC960E2B692D8700209984 /* Feed.xcassets */; };
		91FC96112B69404B00209984 /* UITableView+Dequeuing.swift in Sources */ = {isa = PBXBuildFile; fileRef = 91FC96102B69404B00209984 /* UITableView+Dequeuing.swift */; };
		91FC96132B6941ED00209984 /* UIImageView+Animations.swift in Sources */ = {isa = PBXBuildFile; fileRef = 91FC96122B6941ED00209984 /* UIImageView+Animations.swift */; };
		91FC96152B6A89B500209984 /* Feed.xcstrings in Resources */ = {isa = PBXBuildFile; fileRef = 91FC96142B6A89B500209984 /* Feed.xcstrings */; };
		91FC96182B6A966C00209984 /* FeedLocalizationTests.swift in Sources */ = {isa = PBXBuildFile; fileRef = 91FC96172B6A966C00209984 /* FeedLocalizationTests.swift */; };
		91FC961B2B6B914500209984 /* MainQueueDispatchDecorator.swift in Sources */ = {isa = PBXBuildFile; fileRef = 91FC961A2B6B914500209984 /* MainQueueDispatchDecorator.swift */; };
		91FC961D2B6B920400209984 /* WeakRefVirtualProxy.swift in Sources */ = {isa = PBXBuildFile; fileRef = 91FC961C2B6B920400209984 /* WeakRefVirtualProxy.swift */; };
		91FC961F2B6B928900209984 /* FeedViewAdapter.swift in Sources */ = {isa = PBXBuildFile; fileRef = 91FC961E2B6B928900209984 /* FeedViewAdapter.swift */; };
		91FC96212B6B92C600209984 /* FeedLoaderPresentationAdapter.swift in Sources */ = {isa = PBXBuildFile; fileRef = 91FC96202B6B92C600209984 /* FeedLoaderPresentationAdapter.swift */; };
		91FC96232B6B92ED00209984 /* FeedImageDataLoaderPresentationAdapter.swift in Sources */ = {isa = PBXBuildFile; fileRef = 91FC96222B6B92ED00209984 /* FeedImageDataLoaderPresentationAdapter.swift */; };
/* End PBXBuildFile section */

/* Begin PBXContainerItemProxy section */
		9102B0392B4E985C009B6464 /* PBXContainerItemProxy */ = {
			isa = PBXContainerItemProxy;
			containerPortal = 91978FAB2B2B4428008714AF /* Project object */;
			proxyType = 1;
			remoteGlobalIDString = 91978FB32B2B4428008714AF;
			remoteInfo = EssentialFeed;
		};
		910F39B02B581096001B41C1 /* PBXContainerItemProxy */ = {
			isa = PBXContainerItemProxy;
			containerPortal = 91978FAB2B2B4428008714AF /* Project object */;
			proxyType = 1;
			remoteGlobalIDString = 91978FB32B2B4428008714AF;
			remoteInfo = EssentialFeed;
		};
		91978FC02B2B4428008714AF /* PBXContainerItemProxy */ = {
			isa = PBXContainerItemProxy;
			containerPortal = 91978FAB2B2B4428008714AF /* Project object */;
			proxyType = 1;
			remoteGlobalIDString = 91978FB32B2B4428008714AF;
			remoteInfo = EssentialFeed;
		};
		91AA42852B57DEB0001D2796 /* PBXContainerItemProxy */ = {
			isa = PBXContainerItemProxy;
			containerPortal = 91978FAB2B2B4428008714AF /* Project object */;
			proxyType = 1;
			remoteGlobalIDString = 91AA42792B57DEAF001D2796;
			remoteInfo = EssentialFeediOS;
		};
		91B6DEFA2B32EC050026B599 /* PBXContainerItemProxy */ = {
			isa = PBXContainerItemProxy;
			containerPortal = 91978FAB2B2B4428008714AF /* Project object */;
			proxyType = 1;
			remoteGlobalIDString = 91978FB32B2B4428008714AF;
			remoteInfo = EssentialFeed;
		};
/* End PBXContainerItemProxy section */

/* Begin PBXCopyFilesBuildPhase section */
		910F39B22B581096001B41C1 /* Embed Frameworks */ = {
			isa = PBXCopyFilesBuildPhase;
			buildActionMask = 2147483647;
			dstPath = "";
			dstSubfolderSpec = 10;
			files = (
				910F39AF2B581096001B41C1 /* EssentialFeed.framework in Embed Frameworks */,
			);
			name = "Embed Frameworks";
			runOnlyForDeploymentPostprocessing = 0;
		};
/* End PBXCopyFilesBuildPhase section */

/* Begin PBXFileReference section */
		9102B0102B471101009B6464 /* CodableFeedStore.swift */ = {isa = PBXFileReference; lastKnownFileType = sourcecode.swift; path = CodableFeedStore.swift; sourceTree = "<group>"; };
		9102B0122B484643009B6464 /* FeedStoreSpecs.swift */ = {isa = PBXFileReference; lastKnownFileType = sourcecode.swift; path = FeedStoreSpecs.swift; sourceTree = "<group>"; };
		9102B0142B484A33009B6464 /* XCTestCase+FeedStoreSpecs.swift */ = {isa = PBXFileReference; lastKnownFileType = sourcecode.swift; path = "XCTestCase+FeedStoreSpecs.swift"; sourceTree = "<group>"; };
		9102B0162B484FE5009B6464 /* XCTestCase+FailableRetrieveFeedStoreSpecs.swift */ = {isa = PBXFileReference; lastKnownFileType = sourcecode.swift; path = "XCTestCase+FailableRetrieveFeedStoreSpecs.swift"; sourceTree = "<group>"; };
		9102B0182B485113009B6464 /* XCTestCase+FailableInsertFeedStoreSpecs.swift */ = {isa = PBXFileReference; lastKnownFileType = sourcecode.swift; path = "XCTestCase+FailableInsertFeedStoreSpecs.swift"; sourceTree = "<group>"; };
		9102B01A2B4851CC009B6464 /* XCTestCase+FailableDeleteFeedStoreSpecs.swift */ = {isa = PBXFileReference; lastKnownFileType = sourcecode.swift; path = "XCTestCase+FailableDeleteFeedStoreSpecs.swift"; sourceTree = "<group>"; };
		9102B01D2B4BF744009B6464 /* CoreDataFeedStoreTests.swift */ = {isa = PBXFileReference; lastKnownFileType = sourcecode.swift; path = CoreDataFeedStoreTests.swift; sourceTree = "<group>"; };
		9102B0222B4C01CB009B6464 /* CoreDataFeedStore.swift */ = {isa = PBXFileReference; lastKnownFileType = sourcecode.swift; path = CoreDataFeedStore.swift; sourceTree = "<group>"; };
		9102B0252B4C02AD009B6464 /* FeedStore.xcdatamodel */ = {isa = PBXFileReference; lastKnownFileType = wrapper.xcdatamodel; path = FeedStore.xcdatamodel; sourceTree = "<group>"; };
		9102B02A2B4C478D009B6464 /* CoreDataHelpers.swift */ = {isa = PBXFileReference; lastKnownFileType = sourcecode.swift; path = CoreDataHelpers.swift; sourceTree = "<group>"; };
		9102B02C2B4C481D009B6464 /* ManagedCache.swift */ = {isa = PBXFileReference; lastKnownFileType = sourcecode.swift; path = ManagedCache.swift; sourceTree = "<group>"; };
		9102B02E2B4C4844009B6464 /* ManagedFeedImage.swift */ = {isa = PBXFileReference; lastKnownFileType = sourcecode.swift; path = ManagedFeedImage.swift; sourceTree = "<group>"; };
		9102B0342B4E985C009B6464 /* EssentialFeedCacheIntegrationTests.xctest */ = {isa = PBXFileReference; explicitFileType = wrapper.cfbundle; includeInIndex = 0; path = EssentialFeedCacheIntegrationTests.xctest; sourceTree = BUILT_PRODUCTS_DIR; };
		9102B0362B4E985C009B6464 /* EssentialFeedCacheIntegrationTests.swift */ = {isa = PBXFileReference; lastKnownFileType = sourcecode.swift; path = EssentialFeedCacheIntegrationTests.swift; sourceTree = "<group>"; };
		9102B03E2B4E98E2009B6464 /* EssentialFeedCacheIntegrationTests.xctestplan */ = {isa = PBXFileReference; lastKnownFileType = text; path = EssentialFeedCacheIntegrationTests.xctestplan; sourceTree = "<group>"; };
		910F39AB2B580C86001B41C1 /* FeedUIIntegrationTests.swift */ = {isa = PBXFileReference; lastKnownFileType = sourcecode.swift; path = FeedUIIntegrationTests.swift; sourceTree = "<group>"; };
		910F39B42B58328E001B41C1 /* FeedViewController.swift */ = {isa = PBXFileReference; lastKnownFileType = sourcecode.swift; path = FeedViewController.swift; sourceTree = "<group>"; };
		910F39B72B592E60001B41C1 /* FeedImageCell.swift */ = {isa = PBXFileReference; lastKnownFileType = sourcecode.swift; path = FeedImageCell.swift; sourceTree = "<group>"; };
		910F39B92B59798B001B41C1 /* UIView+Shimmering.swift */ = {isa = PBXFileReference; lastKnownFileType = sourcecode.swift; path = "UIView+Shimmering.swift"; sourceTree = "<group>"; };
		916BD90C2B73CA84009CD0F8 /* FeedErrorViewModel.swift */ = {isa = PBXFileReference; lastKnownFileType = sourcecode.swift; path = FeedErrorViewModel.swift; sourceTree = "<group>"; };
		916BD90E2B73CE32009CD0F8 /* ErrorView.swift */ = {isa = PBXFileReference; lastKnownFileType = sourcecode.swift; path = ErrorView.swift; sourceTree = "<group>"; };
		918EB4572B3DB6D400B8E847 /* SaveFeedInCacheTests.swift */ = {isa = PBXFileReference; lastKnownFileType = sourcecode.swift; path = SaveFeedInCacheTests.swift; sourceTree = "<group>"; };
		918EB45A2B3ECED100B8E847 /* LocalFeedLoader.swift */ = {isa = PBXFileReference; lastKnownFileType = sourcecode.swift; path = LocalFeedLoader.swift; sourceTree = "<group>"; };
		918EB45C2B3ECF8E00B8E847 /* FeedStore.swift */ = {isa = PBXFileReference; lastKnownFileType = sourcecode.swift; path = FeedStore.swift; sourceTree = "<group>"; };
		918EB45E2B3F182300B8E847 /* RemoteFeedItem.swift */ = {isa = PBXFileReference; lastKnownFileType = sourcecode.swift; path = RemoteFeedItem.swift; sourceTree = "<group>"; };
		918EB4602B3F187000B8E847 /* LocalFeedImage.swift */ = {isa = PBXFileReference; lastKnownFileType = sourcecode.swift; path = LocalFeedImage.swift; sourceTree = "<group>"; };
		918EB4622B440D6100B8E847 /* LoadFeedFromCacheTests.swift */ = {isa = PBXFileReference; lastKnownFileType = sourcecode.swift; path = LoadFeedFromCacheTests.swift; sourceTree = "<group>"; };
		918EB4652B440EFD00B8E847 /* FeedStoreSpy.swift */ = {isa = PBXFileReference; lastKnownFileType = sourcecode.swift; path = FeedStoreSpy.swift; sourceTree = "<group>"; };
		918EB4672B445A9C00B8E847 /* ValidateCacheTests.swift */ = {isa = PBXFileReference; lastKnownFileType = sourcecode.swift; path = ValidateCacheTests.swift; sourceTree = "<group>"; };
		918EB4692B44601D00B8E847 /* Helpers.swift */ = {isa = PBXFileReference; lastKnownFileType = sourcecode.swift; path = Helpers.swift; sourceTree = "<group>"; };
		918EB46B2B44616800B8E847 /* SharedHelpers.swift */ = {isa = PBXFileReference; lastKnownFileType = sourcecode.swift; path = SharedHelpers.swift; sourceTree = "<group>"; };
		918EB46D2B455A0E00B8E847 /* FeedCachePolicy.swift */ = {isa = PBXFileReference; lastKnownFileType = sourcecode.swift; path = FeedCachePolicy.swift; sourceTree = "<group>"; };
		91978FB42B2B4428008714AF /* EssentialFeed.framework */ = {isa = PBXFileReference; explicitFileType = wrapper.framework; includeInIndex = 0; path = EssentialFeed.framework; sourceTree = BUILT_PRODUCTS_DIR; };
		91978FB72B2B4428008714AF /* EssentialFeed.h */ = {isa = PBXFileReference; lastKnownFileType = sourcecode.c.h; path = EssentialFeed.h; sourceTree = "<group>"; };
		91978FB82B2B4428008714AF /* EssentialFeed.docc */ = {isa = PBXFileReference; lastKnownFileType = folder.documentationcatalog; path = EssentialFeed.docc; sourceTree = "<group>"; };
		91978FBE2B2B4428008714AF /* EssentialFeedTests.xctest */ = {isa = PBXFileReference; explicitFileType = wrapper.cfbundle; includeInIndex = 0; path = EssentialFeedTests.xctest; sourceTree = BUILT_PRODUCTS_DIR; };
		91978FCE2B2B44BE008714AF /* FeedImage.swift */ = {isa = PBXFileReference; lastKnownFileType = sourcecode.swift; path = FeedImage.swift; sourceTree = "<group>"; };
		91978FD02B2B4705008714AF /* FeedLoader.swift */ = {isa = PBXFileReference; lastKnownFileType = sourcecode.swift; path = FeedLoader.swift; sourceTree = "<group>"; };
		91978FD32B2B48AD008714AF /* RemoteFeedLoaderTests.swift */ = {isa = PBXFileReference; lastKnownFileType = sourcecode.swift; path = RemoteFeedLoaderTests.swift; sourceTree = "<group>"; };
		91978FD62B2B5AD6008714AF /* RemoteFeedLoader.swift */ = {isa = PBXFileReference; lastKnownFileType = sourcecode.swift; path = RemoteFeedLoader.swift; sourceTree = "<group>"; };
		91AA42742B57DBDE001D2796 /* EssentialFeedAPIEndToEndTests.xctestplan */ = {isa = PBXFileReference; lastKnownFileType = text; path = EssentialFeedAPIEndToEndTests.xctestplan; sourceTree = "<group>"; };
		91AA427A2B57DEAF001D2796 /* EssentialFeediOS.framework */ = {isa = PBXFileReference; explicitFileType = wrapper.framework; includeInIndex = 0; path = EssentialFeediOS.framework; sourceTree = BUILT_PRODUCTS_DIR; };
		91AA427C2B57DEAF001D2796 /* EssentialFeediOS.h */ = {isa = PBXFileReference; lastKnownFileType = sourcecode.c.h; path = EssentialFeediOS.h; sourceTree = "<group>"; };
		91AA427D2B57DEAF001D2796 /* EssentialFeediOS.docc */ = {isa = PBXFileReference; lastKnownFileType = folder.documentationcatalog; path = EssentialFeediOS.docc; sourceTree = "<group>"; };
		91AA42832B57DEB0001D2796 /* EssentialFeediOSTests.xctest */ = {isa = PBXFileReference; explicitFileType = wrapper.cfbundle; includeInIndex = 0; path = EssentialFeediOSTests.xctest; sourceTree = BUILT_PRODUCTS_DIR; };
		91AA42912B57DF68001D2796 /* EssentialFeediOS.xctestplan */ = {isa = PBXFileReference; lastKnownFileType = text; path = EssentialFeediOS.xctestplan; sourceTree = "<group>"; };
		91AA42942B57E624001D2796 /* CI_iOS.xctestplan */ = {isa = PBXFileReference; lastKnownFileType = text; path = CI_iOS.xctestplan; sourceTree = "<group>"; };
		91B6DEE52B2DDDB10026B599 /* FeedItemsMapper.swift */ = {isa = PBXFileReference; lastKnownFileType = sourcecode.swift; path = FeedItemsMapper.swift; sourceTree = "<group>"; };
		91B6DEE72B2DDE0D0026B599 /* HTTPClient.swift */ = {isa = PBXFileReference; lastKnownFileType = sourcecode.swift; path = HTTPClient.swift; sourceTree = "<group>"; };
		91B6DEE92B3098ED0026B599 /* URLSessionHTTPClientTests.swift */ = {isa = PBXFileReference; lastKnownFileType = sourcecode.swift; path = URLSessionHTTPClientTests.swift; sourceTree = "<group>"; };
		91B6DEEB2B31BF3B0026B599 /* URLSessionHTTPClient.swift */ = {isa = PBXFileReference; lastKnownFileType = sourcecode.swift; path = URLSessionHTTPClient.swift; sourceTree = "<group>"; };
		91B6DEEE2B31BFBB0026B599 /* XCTextCase+MemoryLeakTracking.swift */ = {isa = PBXFileReference; lastKnownFileType = sourcecode.swift; path = "XCTextCase+MemoryLeakTracking.swift"; sourceTree = "<group>"; };
		91B6DEF02B32E92D0026B599 /* EssentialFeed.xctestplan */ = {isa = PBXFileReference; lastKnownFileType = text; path = EssentialFeed.xctestplan; sourceTree = "<group>"; };
		91B6DEF52B32EC050026B599 /* EssentialFeedAPIEndToEndTests.xctest */ = {isa = PBXFileReference; explicitFileType = wrapper.cfbundle; includeInIndex = 0; path = EssentialFeedAPIEndToEndTests.xctest; sourceTree = BUILT_PRODUCTS_DIR; };
		91B6DEF72B32EC050026B599 /* EssentialFeedAPIEndToEndTests.swift */ = {isa = PBXFileReference; lastKnownFileType = sourcecode.swift; path = EssentialFeedAPIEndToEndTests.swift; sourceTree = "<group>"; };
		91D4A7B12B333F380075E133 /* CI_macOS.xctestplan */ = {isa = PBXFileReference; lastKnownFileType = text; path = CI_macOS.xctestplan; sourceTree = "<group>"; };
		91FBA62A2B4591890047E8B2 /* CodableFeedStoreTests.swift */ = {isa = PBXFileReference; lastKnownFileType = sourcecode.swift; path = CodableFeedStoreTests.swift; sourceTree = "<group>"; };
		91FC95E22B5EAE7300209984 /* FeedImageDataLoader.swift */ = {isa = PBXFileReference; lastKnownFileType = sourcecode.swift; path = FeedImageDataLoader.swift; sourceTree = "<group>"; };
		91FC95E52B5EB50B00209984 /* UIButton+TestHelpers.swift */ = {isa = PBXFileReference; lastKnownFileType = sourcecode.swift; path = "UIButton+TestHelpers.swift"; sourceTree = "<group>"; };
		91FC95E72B5EB55A00209984 /* UIControl+TestHelpers.swift */ = {isa = PBXFileReference; lastKnownFileType = sourcecode.swift; path = "UIControl+TestHelpers.swift"; sourceTree = "<group>"; };
		91FC95E92B5EB5AA00209984 /* UIImage+TestHelpers.swift */ = {isa = PBXFileReference; lastKnownFileType = sourcecode.swift; path = "UIImage+TestHelpers.swift"; sourceTree = "<group>"; };
		91FC95EB2B5EB5DD00209984 /* UIRefreshControl+TestHelpers.swift */ = {isa = PBXFileReference; lastKnownFileType = sourcecode.swift; path = "UIRefreshControl+TestHelpers.swift"; sourceTree = "<group>"; };
		91FC95EF2B5EB7F900209984 /* FeedImageCell+TestHelpers.swift */ = {isa = PBXFileReference; lastKnownFileType = sourcecode.swift; path = "FeedImageCell+TestHelpers.swift"; sourceTree = "<group>"; };
		91FC95F12B5EB83100209984 /* FeedViewController+TestHelpers.swift */ = {isa = PBXFileReference; lastKnownFileType = sourcecode.swift; path = "FeedViewController+TestHelpers.swift"; sourceTree = "<group>"; };
		91FC95F32B5EB8FA00209984 /* FeedViewControllerTests+LoaderSpy.swift */ = {isa = PBXFileReference; lastKnownFileType = sourcecode.swift; path = "FeedViewControllerTests+LoaderSpy.swift"; sourceTree = "<group>"; };
		91FC95F72B5FBED100209984 /* FeedImageCellController.swift */ = {isa = PBXFileReference; lastKnownFileType = sourcecode.swift; path = FeedImageCellController.swift; sourceTree = "<group>"; };
		91FC95FA2B5FC3E100209984 /* FeedUIComposer.swift */ = {isa = PBXFileReference; lastKnownFileType = sourcecode.swift; path = FeedUIComposer.swift; sourceTree = "<group>"; };
		91FC96022B62BB8800209984 /* FeedPresenter.swift */ = {isa = PBXFileReference; lastKnownFileType = sourcecode.swift; path = FeedPresenter.swift; sourceTree = "<group>"; };
		91FC96042B679E8A00209984 /* FeedImagePresenter.swift */ = {isa = PBXFileReference; lastKnownFileType = sourcecode.swift; path = FeedImagePresenter.swift; sourceTree = "<group>"; };
		91FC96062B67AA9900209984 /* FeedImageViewModel.swift */ = {isa = PBXFileReference; lastKnownFileType = sourcecode.swift; path = FeedImageViewModel.swift; sourceTree = "<group>"; };
		91FC96082B67D0E000209984 /* FeedLoadingViewModel.swift */ = {isa = PBXFileReference; lastKnownFileType = sourcecode.swift; path = FeedLoadingViewModel.swift; sourceTree = "<group>"; };
		91FC960A2B67D12F00209984 /* FeedViewModel.swift */ = {isa = PBXFileReference; lastKnownFileType = sourcecode.swift; path = FeedViewModel.swift; sourceTree = "<group>"; };
		91FC960C2B692C6800209984 /* Feed.storyboard */ = {isa = PBXFileReference; lastKnownFileType = file.storyboard; path = Feed.storyboard; sourceTree = "<group>"; };
		91FC960E2B692D8700209984 /* Feed.xcassets */ = {isa = PBXFileReference; lastKnownFileType = folder.assetcatalog; path = Feed.xcassets; sourceTree = "<group>"; };
		91FC96102B69404B00209984 /* UITableView+Dequeuing.swift */ = {isa = PBXFileReference; lastKnownFileType = sourcecode.swift; path = "UITableView+Dequeuing.swift"; sourceTree = "<group>"; };
		91FC96122B6941ED00209984 /* UIImageView+Animations.swift */ = {isa = PBXFileReference; lastKnownFileType = sourcecode.swift; path = "UIImageView+Animations.swift"; sourceTree = "<group>"; };
		91FC96142B6A89B500209984 /* Feed.xcstrings */ = {isa = PBXFileReference; lastKnownFileType = text.json.xcstrings; path = Feed.xcstrings; sourceTree = "<group>"; };
		91FC96172B6A966C00209984 /* FeedLocalizationTests.swift */ = {isa = PBXFileReference; lastKnownFileType = sourcecode.swift; path = FeedLocalizationTests.swift; sourceTree = "<group>"; };
		91FC961A2B6B914500209984 /* MainQueueDispatchDecorator.swift */ = {isa = PBXFileReference; lastKnownFileType = sourcecode.swift; path = MainQueueDispatchDecorator.swift; sourceTree = "<group>"; };
		91FC961C2B6B920400209984 /* WeakRefVirtualProxy.swift */ = {isa = PBXFileReference; lastKnownFileType = sourcecode.swift; path = WeakRefVirtualProxy.swift; sourceTree = "<group>"; };
		91FC961E2B6B928900209984 /* FeedViewAdapter.swift */ = {isa = PBXFileReference; lastKnownFileType = sourcecode.swift; path = FeedViewAdapter.swift; sourceTree = "<group>"; };
		91FC96202B6B92C600209984 /* FeedLoaderPresentationAdapter.swift */ = {isa = PBXFileReference; lastKnownFileType = sourcecode.swift; path = FeedLoaderPresentationAdapter.swift; sourceTree = "<group>"; };
		91FC96222B6B92ED00209984 /* FeedImageDataLoaderPresentationAdapter.swift */ = {isa = PBXFileReference; lastKnownFileType = sourcecode.swift; path = FeedImageDataLoaderPresentationAdapter.swift; sourceTree = "<group>"; };
/* End PBXFileReference section */

/* Begin PBXFrameworksBuildPhase section */
		9102B0312B4E985C009B6464 /* Frameworks */ = {
			isa = PBXFrameworksBuildPhase;
			buildActionMask = 2147483647;
			files = (
				9102B0382B4E985C009B6464 /* EssentialFeed.framework in Frameworks */,
			);
			runOnlyForDeploymentPostprocessing = 0;
		};
		91978FB12B2B4428008714AF /* Frameworks */ = {
			isa = PBXFrameworksBuildPhase;
			buildActionMask = 2147483647;
			files = (
			);
			runOnlyForDeploymentPostprocessing = 0;
		};
		91978FBB2B2B4428008714AF /* Frameworks */ = {
			isa = PBXFrameworksBuildPhase;
			buildActionMask = 2147483647;
			files = (
				91978FBF2B2B4428008714AF /* EssentialFeed.framework in Frameworks */,
			);
			runOnlyForDeploymentPostprocessing = 0;
		};
		91AA42772B57DEAF001D2796 /* Frameworks */ = {
			isa = PBXFrameworksBuildPhase;
			buildActionMask = 2147483647;
			files = (
				910F39AE2B581096001B41C1 /* EssentialFeed.framework in Frameworks */,
			);
			runOnlyForDeploymentPostprocessing = 0;
		};
		91AA42802B57DEB0001D2796 /* Frameworks */ = {
			isa = PBXFrameworksBuildPhase;
			buildActionMask = 2147483647;
			files = (
				91AA42842B57DEB0001D2796 /* EssentialFeediOS.framework in Frameworks */,
			);
			runOnlyForDeploymentPostprocessing = 0;
		};
		91B6DEF22B32EC050026B599 /* Frameworks */ = {
			isa = PBXFrameworksBuildPhase;
			buildActionMask = 2147483647;
			files = (
				91B6DEF92B32EC050026B599 /* EssentialFeed.framework in Frameworks */,
			);
			runOnlyForDeploymentPostprocessing = 0;
		};
/* End PBXFrameworksBuildPhase section */

/* Begin PBXGroup section */
		9102B01C2B485292009B6464 /* FeedStoreSpecs */ = {
			isa = PBXGroup;
			children = (
				9102B0122B484643009B6464 /* FeedStoreSpecs.swift */,
				9102B0142B484A33009B6464 /* XCTestCase+FeedStoreSpecs.swift */,
				9102B0162B484FE5009B6464 /* XCTestCase+FailableRetrieveFeedStoreSpecs.swift */,
				9102B0182B485113009B6464 /* XCTestCase+FailableInsertFeedStoreSpecs.swift */,
				9102B01A2B4851CC009B6464 /* XCTestCase+FailableDeleteFeedStoreSpecs.swift */,
			);
			path = FeedStoreSpecs;
			sourceTree = "<group>";
		};
		9102B0272B4C46E4009B6464 /* Codable */ = {
			isa = PBXGroup;
			children = (
				9102B0102B471101009B6464 /* CodableFeedStore.swift */,
			);
			path = Codable;
			sourceTree = "<group>";
		};
		9102B0282B4C46EF009B6464 /* CoreData */ = {
			isa = PBXGroup;
			children = (
				9102B0222B4C01CB009B6464 /* CoreDataFeedStore.swift */,
				9102B0242B4C02AD009B6464 /* FeedStore.xcdatamodeld */,
				9102B02A2B4C478D009B6464 /* CoreDataHelpers.swift */,
				9102B02C2B4C481D009B6464 /* ManagedCache.swift */,
				9102B02E2B4C4844009B6464 /* ManagedFeedImage.swift */,
			);
			path = CoreData;
			sourceTree = "<group>";
		};
		9102B0292B4C46FC009B6464 /* Infrastructure */ = {
			isa = PBXGroup;
			children = (
				9102B0272B4C46E4009B6464 /* Codable */,
				9102B0282B4C46EF009B6464 /* CoreData */,
			);
			path = Infrastructure;
			sourceTree = "<group>";
		};
		9102B0352B4E985C009B6464 /* EssentialFeedCacheIntegrationTests */ = {
			isa = PBXGroup;
			children = (
				9102B0362B4E985C009B6464 /* EssentialFeedCacheIntegrationTests.swift */,
			);
			path = EssentialFeedCacheIntegrationTests;
			sourceTree = "<group>";
		};
		910F39AD2B581096001B41C1 /* Frameworks */ = {
			isa = PBXGroup;
			children = (
			);
			name = Frameworks;
			sourceTree = "<group>";
		};
		918EB4552B3DB68B00B8E847 /* API */ = {
			isa = PBXGroup;
			children = (
				91978FD32B2B48AD008714AF /* RemoteFeedLoaderTests.swift */,
				91B6DEE92B3098ED0026B599 /* URLSessionHTTPClientTests.swift */,
			);
			path = API;
			sourceTree = "<group>";
		};
		918EB4562B3DB69800B8E847 /* Cache */ = {
			isa = PBXGroup;
			children = (
				918EB4642B440EEA00B8E847 /* Helpers */,
				918EB4572B3DB6D400B8E847 /* SaveFeedInCacheTests.swift */,
				918EB4622B440D6100B8E847 /* LoadFeedFromCacheTests.swift */,
				918EB4672B445A9C00B8E847 /* ValidateCacheTests.swift */,
				91FBA62A2B4591890047E8B2 /* CodableFeedStoreTests.swift */,
				9102B01C2B485292009B6464 /* FeedStoreSpecs */,
				9102B01D2B4BF744009B6464 /* CoreDataFeedStoreTests.swift */,
			);
			path = Cache;
			sourceTree = "<group>";
		};
		918EB4592B3ECEAD00B8E847 /* Feed Cache */ = {
			isa = PBXGroup;
			children = (
				918EB45A2B3ECED100B8E847 /* LocalFeedLoader.swift */,
				918EB45C2B3ECF8E00B8E847 /* FeedStore.swift */,
				918EB4602B3F187000B8E847 /* LocalFeedImage.swift */,
				918EB46D2B455A0E00B8E847 /* FeedCachePolicy.swift */,
				9102B0292B4C46FC009B6464 /* Infrastructure */,
			);
			path = "Feed Cache";
			sourceTree = "<group>";
		};
		918EB4642B440EEA00B8E847 /* Helpers */ = {
			isa = PBXGroup;
			children = (
				918EB4652B440EFD00B8E847 /* FeedStoreSpy.swift */,
				918EB4692B44601D00B8E847 /* Helpers.swift */,
			);
			path = Helpers;
			sourceTree = "<group>";
		};
		91978FAA2B2B4428008714AF = {
			isa = PBXGroup;
			children = (
				91AA42912B57DF68001D2796 /* EssentialFeediOS.xctestplan */,
				91AA42742B57DBDE001D2796 /* EssentialFeedAPIEndToEndTests.xctestplan */,
				9102B03E2B4E98E2009B6464 /* EssentialFeedCacheIntegrationTests.xctestplan */,
				91D4A7B12B333F380075E133 /* CI_macOS.xctestplan */,
				91AA42942B57E624001D2796 /* CI_iOS.xctestplan */,
				91B6DEF02B32E92D0026B599 /* EssentialFeed.xctestplan */,
				91978FB62B2B4428008714AF /* EssentialFeed */,
				91978FC22B2B4428008714AF /* EssentialFeedTests */,
				91B6DEF62B32EC050026B599 /* EssentialFeedAPIEndToEndTests */,
				9102B0352B4E985C009B6464 /* EssentialFeedCacheIntegrationTests */,
				91AA427B2B57DEAF001D2796 /* EssentialFeediOS */,
				91AA42872B57DEB0001D2796 /* EssentialFeediOSTests */,
				91978FB52B2B4428008714AF /* Products */,
				910F39AD2B581096001B41C1 /* Frameworks */,
			);
			sourceTree = "<group>";
		};
		91978FB52B2B4428008714AF /* Products */ = {
			isa = PBXGroup;
			children = (
				91978FB42B2B4428008714AF /* EssentialFeed.framework */,
				91978FBE2B2B4428008714AF /* EssentialFeedTests.xctest */,
				91B6DEF52B32EC050026B599 /* EssentialFeedAPIEndToEndTests.xctest */,
				9102B0342B4E985C009B6464 /* EssentialFeedCacheIntegrationTests.xctest */,
				91AA427A2B57DEAF001D2796 /* EssentialFeediOS.framework */,
				91AA42832B57DEB0001D2796 /* EssentialFeediOSTests.xctest */,
			);
			name = Products;
			sourceTree = "<group>";
		};
		91978FB62B2B4428008714AF /* EssentialFeed */ = {
			isa = PBXGroup;
			children = (
				918EB4592B3ECEAD00B8E847 /* Feed Cache */,
				91978FD52B2B5AB7008714AF /* Feed API */,
				91978FD22B2B47E7008714AF /* Feed Feature */,
				91978FB72B2B4428008714AF /* EssentialFeed.h */,
				91978FB82B2B4428008714AF /* EssentialFeed.docc */,
			);
			path = EssentialFeed;
			sourceTree = "<group>";
		};
		91978FC22B2B4428008714AF /* EssentialFeedTests */ = {
			isa = PBXGroup;
			children = (
				918EB4562B3DB69800B8E847 /* Cache */,
				91B6DEED2B31BFA00026B599 /* Helpers */,
				918EB4552B3DB68B00B8E847 /* API */,
			);
			path = EssentialFeedTests;
			sourceTree = "<group>";
		};
		91978FD22B2B47E7008714AF /* Feed Feature */ = {
			isa = PBXGroup;
			children = (
				91978FCE2B2B44BE008714AF /* FeedImage.swift */,
				91978FD02B2B4705008714AF /* FeedLoader.swift */,
			);
			path = "Feed Feature";
			sourceTree = "<group>";
		};
		91978FD52B2B5AB7008714AF /* Feed API */ = {
			isa = PBXGroup;
			children = (
				91978FD62B2B5AD6008714AF /* RemoteFeedLoader.swift */,
				91B6DEE52B2DDDB10026B599 /* FeedItemsMapper.swift */,
				91B6DEE72B2DDE0D0026B599 /* HTTPClient.swift */,
				91B6DEEB2B31BF3B0026B599 /* URLSessionHTTPClient.swift */,
				918EB45E2B3F182300B8E847 /* RemoteFeedItem.swift */,
			);
			path = "Feed API";
			sourceTree = "<group>";
		};
		91AA427B2B57DEAF001D2796 /* EssentialFeediOS */ = {
			isa = PBXGroup;
			children = (
				91FC96012B62BAE700209984 /* Feed Presentation */,
				91AA427C2B57DEAF001D2796 /* EssentialFeediOS.h */,
				91AA427D2B57DEAF001D2796 /* EssentialFeediOS.docc */,
				91FC95DF2B5EAE3400209984 /* Feed UI */,
				91FC95E22B5EAE7300209984 /* FeedImageDataLoader.swift */,
			);
			path = EssentialFeediOS;
			sourceTree = "<group>";
		};
		91AA42872B57DEB0001D2796 /* EssentialFeediOSTests */ = {
			isa = PBXGroup;
			children = (
				91FC96162B6A965300209984 /* Feed Presentation */,
				91FC95ED2B5EB7B100209984 /* FeedUI */,
			);
			path = EssentialFeediOSTests;
			sourceTree = "<group>";
		};
		91B6DEED2B31BFA00026B599 /* Helpers */ = {
			isa = PBXGroup;
			children = (
				91B6DEEE2B31BFBB0026B599 /* XCTextCase+MemoryLeakTracking.swift */,
				918EB46B2B44616800B8E847 /* SharedHelpers.swift */,
			);
			path = Helpers;
			sourceTree = "<group>";
		};
		91B6DEF62B32EC050026B599 /* EssentialFeedAPIEndToEndTests */ = {
			isa = PBXGroup;
			children = (
				91B6DEF72B32EC050026B599 /* EssentialFeedAPIEndToEndTests.swift */,
			);
			path = EssentialFeedAPIEndToEndTests;
			sourceTree = "<group>";
		};
		91FC95DF2B5EAE3400209984 /* Feed UI */ = {
			isa = PBXGroup;
			children = (
				91FC95F92B5FC3CD00209984 /* Composers */,
				91FC95E12B5EAE4B00209984 /* Controllers */,
				91FC95E02B5EAE4200209984 /* Views */,
			);
			path = "Feed UI";
			sourceTree = "<group>";
		};
		91FC95E02B5EAE4200209984 /* Views */ = {
			isa = PBXGroup;
			children = (
				910F39B72B592E60001B41C1 /* FeedImageCell.swift */,
				910F39B92B59798B001B41C1 /* UIView+Shimmering.swift */,
				91FC960C2B692C6800209984 /* Feed.storyboard */,
				91FC960E2B692D8700209984 /* Feed.xcassets */,
				91FC96102B69404B00209984 /* UITableView+Dequeuing.swift */,
				91FC96122B6941ED00209984 /* UIImageView+Animations.swift */,
				916BD90E2B73CE32009CD0F8 /* ErrorView.swift */,
			);
			path = Views;
			sourceTree = "<group>";
		};
		91FC95E12B5EAE4B00209984 /* Controllers */ = {
			isa = PBXGroup;
			children = (
				910F39B42B58328E001B41C1 /* FeedViewController.swift */,
				91FC95F72B5FBED100209984 /* FeedImageCellController.swift */,
			);
			path = Controllers;
			sourceTree = "<group>";
		};
		91FC95ED2B5EB7B100209984 /* FeedUI */ = {
			isa = PBXGroup;
			children = (
				91FC95EE2B5EB7DE00209984 /* Helpers */,
				910F39AB2B580C86001B41C1 /* FeedUIIntegrationTests.swift */,
			);
			path = FeedUI;
			sourceTree = "<group>";
		};
		91FC95EE2B5EB7DE00209984 /* Helpers */ = {
			isa = PBXGroup;
			children = (
				91FC95E52B5EB50B00209984 /* UIButton+TestHelpers.swift */,
				91FC95E72B5EB55A00209984 /* UIControl+TestHelpers.swift */,
				91FC95E92B5EB5AA00209984 /* UIImage+TestHelpers.swift */,
				91FC95EB2B5EB5DD00209984 /* UIRefreshControl+TestHelpers.swift */,
				91FC95EF2B5EB7F900209984 /* FeedImageCell+TestHelpers.swift */,
				91FC95F12B5EB83100209984 /* FeedViewController+TestHelpers.swift */,
				91FC95F32B5EB8FA00209984 /* FeedViewControllerTests+LoaderSpy.swift */,
			);
			path = Helpers;
			sourceTree = "<group>";
		};
		91FC95F92B5FC3CD00209984 /* Composers */ = {
			isa = PBXGroup;
			children = (
				91FC95FA2B5FC3E100209984 /* FeedUIComposer.swift */,
				91FC961A2B6B914500209984 /* MainQueueDispatchDecorator.swift */,
				91FC961C2B6B920400209984 /* WeakRefVirtualProxy.swift */,
				91FC961E2B6B928900209984 /* FeedViewAdapter.swift */,
				91FC96202B6B92C600209984 /* FeedLoaderPresentationAdapter.swift */,
				91FC96222B6B92ED00209984 /* FeedImageDataLoaderPresentationAdapter.swift */,
			);
			path = Composers;
			sourceTree = "<group>";
		};
		91FC96012B62BAE700209984 /* Feed Presentation */ = {
			isa = PBXGroup;
			children = (
				91FC96022B62BB8800209984 /* FeedPresenter.swift */,
				91FC96042B679E8A00209984 /* FeedImagePresenter.swift */,
				91FC96062B67AA9900209984 /* FeedImageViewModel.swift */,
				91FC96082B67D0E000209984 /* FeedLoadingViewModel.swift */,
				91FC960A2B67D12F00209984 /* FeedViewModel.swift */,
				91FC96142B6A89B500209984 /* Feed.xcstrings */,
				916BD90C2B73CA84009CD0F8 /* FeedErrorViewModel.swift */,
			);
			path = "Feed Presentation";
			sourceTree = "<group>";
		};
		91FC96162B6A965300209984 /* Feed Presentation */ = {
			isa = PBXGroup;
			children = (
				91FC96172B6A966C00209984 /* FeedLocalizationTests.swift */,
			);
			path = "Feed Presentation";
			sourceTree = "<group>";
		};
/* End PBXGroup section */

/* Begin PBXHeadersBuildPhase section */
		91978FAF2B2B4428008714AF /* Headers */ = {
			isa = PBXHeadersBuildPhase;
			buildActionMask = 2147483647;
			files = (
				91978FC52B2B4428008714AF /* EssentialFeed.h in Headers */,
			);
			runOnlyForDeploymentPostprocessing = 0;
		};
		91AA42752B57DEAF001D2796 /* Headers */ = {
			isa = PBXHeadersBuildPhase;
			buildActionMask = 2147483647;
			files = (
				91AA428A2B57DEB0001D2796 /* EssentialFeediOS.h in Headers */,
			);
			runOnlyForDeploymentPostprocessing = 0;
		};
/* End PBXHeadersBuildPhase section */

/* Begin PBXNativeTarget section */
		9102B0332B4E985C009B6464 /* EssentialFeedCacheIntegrationTests */ = {
			isa = PBXNativeTarget;
			buildConfigurationList = 9102B03B2B4E985C009B6464 /* Build configuration list for PBXNativeTarget "EssentialFeedCacheIntegrationTests" */;
			buildPhases = (
				9102B0302B4E985C009B6464 /* Sources */,
				9102B0312B4E985C009B6464 /* Frameworks */,
				9102B0322B4E985C009B6464 /* Resources */,
			);
			buildRules = (
			);
			dependencies = (
				9102B03A2B4E985C009B6464 /* PBXTargetDependency */,
			);
			name = EssentialFeedCacheIntegrationTests;
			productName = EssentialFeedCacheIntegrationTests;
			productReference = 9102B0342B4E985C009B6464 /* EssentialFeedCacheIntegrationTests.xctest */;
			productType = "com.apple.product-type.bundle.unit-test";
		};
		91978FB32B2B4428008714AF /* EssentialFeed */ = {
			isa = PBXNativeTarget;
			buildConfigurationList = 91978FC82B2B4428008714AF /* Build configuration list for PBXNativeTarget "EssentialFeed" */;
			buildPhases = (
				91978FAF2B2B4428008714AF /* Headers */,
				91978FB02B2B4428008714AF /* Sources */,
				91978FB12B2B4428008714AF /* Frameworks */,
				91978FB22B2B4428008714AF /* Resources */,
			);
			buildRules = (
			);
			dependencies = (
			);
			name = EssentialFeed;
			productName = EssentialFeed;
			productReference = 91978FB42B2B4428008714AF /* EssentialFeed.framework */;
			productType = "com.apple.product-type.framework";
		};
		91978FBD2B2B4428008714AF /* EssentialFeedTests */ = {
			isa = PBXNativeTarget;
			buildConfigurationList = 91978FCB2B2B4428008714AF /* Build configuration list for PBXNativeTarget "EssentialFeedTests" */;
			buildPhases = (
				91978FBA2B2B4428008714AF /* Sources */,
				91978FBB2B2B4428008714AF /* Frameworks */,
				91978FBC2B2B4428008714AF /* Resources */,
			);
			buildRules = (
			);
			dependencies = (
				91978FC12B2B4428008714AF /* PBXTargetDependency */,
			);
			name = EssentialFeedTests;
			productName = EssentialFeedTests;
			productReference = 91978FBE2B2B4428008714AF /* EssentialFeedTests.xctest */;
			productType = "com.apple.product-type.bundle.unit-test";
		};
		91AA42792B57DEAF001D2796 /* EssentialFeediOS */ = {
			isa = PBXNativeTarget;
			buildConfigurationList = 91AA428B2B57DEB0001D2796 /* Build configuration list for PBXNativeTarget "EssentialFeediOS" */;
			buildPhases = (
				91AA42752B57DEAF001D2796 /* Headers */,
				91AA42762B57DEAF001D2796 /* Sources */,
				91AA42772B57DEAF001D2796 /* Frameworks */,
				91AA42782B57DEAF001D2796 /* Resources */,
				910F39B22B581096001B41C1 /* Embed Frameworks */,
			);
			buildRules = (
			);
			dependencies = (
				910F39B12B581096001B41C1 /* PBXTargetDependency */,
			);
			name = EssentialFeediOS;
			productName = EssentialFeediOS;
			productReference = 91AA427A2B57DEAF001D2796 /* EssentialFeediOS.framework */;
			productType = "com.apple.product-type.framework";
		};
		91AA42822B57DEB0001D2796 /* EssentialFeediOSTests */ = {
			isa = PBXNativeTarget;
			buildConfigurationList = 91AA428E2B57DEB0001D2796 /* Build configuration list for PBXNativeTarget "EssentialFeediOSTests" */;
			buildPhases = (
				91AA427F2B57DEB0001D2796 /* Sources */,
				91AA42802B57DEB0001D2796 /* Frameworks */,
				91AA42812B57DEB0001D2796 /* Resources */,
			);
			buildRules = (
			);
			dependencies = (
				91AA42862B57DEB0001D2796 /* PBXTargetDependency */,
			);
			name = EssentialFeediOSTests;
			productName = EssentialFeediOSTests;
			productReference = 91AA42832B57DEB0001D2796 /* EssentialFeediOSTests.xctest */;
			productType = "com.apple.product-type.bundle.unit-test";
		};
		91B6DEF42B32EC050026B599 /* EssentialFeedAPIEndToEndTests */ = {
			isa = PBXNativeTarget;
			buildConfigurationList = 91B6DEFC2B32EC050026B599 /* Build configuration list for PBXNativeTarget "EssentialFeedAPIEndToEndTests" */;
			buildPhases = (
				91B6DEF12B32EC050026B599 /* Sources */,
				91B6DEF22B32EC050026B599 /* Frameworks */,
				91B6DEF32B32EC050026B599 /* Resources */,
			);
			buildRules = (
			);
			dependencies = (
				91B6DEFB2B32EC050026B599 /* PBXTargetDependency */,
			);
			name = EssentialFeedAPIEndToEndTests;
			productName = EssentialFeedAPIEndToEndTests;
			productReference = 91B6DEF52B32EC050026B599 /* EssentialFeedAPIEndToEndTests.xctest */;
			productType = "com.apple.product-type.bundle.unit-test";
		};
/* End PBXNativeTarget section */

/* Begin PBXProject section */
		91978FAB2B2B4428008714AF /* Project object */ = {
			isa = PBXProject;
			attributes = {
				BuildIndependentTargetsInParallel = 1;
				LastSwiftUpdateCheck = 1500;
				LastUpgradeCheck = 1500;
				TargetAttributes = {
					9102B0332B4E985C009B6464 = {
						CreatedOnToolsVersion = 15.0.1;
					};
					91978FB32B2B4428008714AF = {
						CreatedOnToolsVersion = 15.0.1;
					};
					91978FBD2B2B4428008714AF = {
						CreatedOnToolsVersion = 15.0.1;
					};
					91AA42792B57DEAF001D2796 = {
						CreatedOnToolsVersion = 15.0.1;
					};
					91AA42822B57DEB0001D2796 = {
						CreatedOnToolsVersion = 15.0.1;
					};
					91B6DEF42B32EC050026B599 = {
						CreatedOnToolsVersion = 15.0.1;
					};
				};
			};
			buildConfigurationList = 91978FAE2B2B4428008714AF /* Build configuration list for PBXProject "EssentialFeed" */;
			compatibilityVersion = "Xcode 14.0";
			developmentRegion = en;
			hasScannedForEncodings = 0;
			knownRegions = (
				en,
				Base,
				"pt-BR",
				el,
			);
			mainGroup = 91978FAA2B2B4428008714AF;
			productRefGroup = 91978FB52B2B4428008714AF /* Products */;
			projectDirPath = "";
			projectRoot = "";
			targets = (
				91978FB32B2B4428008714AF /* EssentialFeed */,
				91978FBD2B2B4428008714AF /* EssentialFeedTests */,
				91B6DEF42B32EC050026B599 /* EssentialFeedAPIEndToEndTests */,
				9102B0332B4E985C009B6464 /* EssentialFeedCacheIntegrationTests */,
				91AA42792B57DEAF001D2796 /* EssentialFeediOS */,
				91AA42822B57DEB0001D2796 /* EssentialFeediOSTests */,
			);
		};
/* End PBXProject section */

/* Begin PBXResourcesBuildPhase section */
		9102B0322B4E985C009B6464 /* Resources */ = {
			isa = PBXResourcesBuildPhase;
			buildActionMask = 2147483647;
			files = (
			);
			runOnlyForDeploymentPostprocessing = 0;
		};
		91978FB22B2B4428008714AF /* Resources */ = {
			isa = PBXResourcesBuildPhase;
			buildActionMask = 2147483647;
			files = (
			);
			runOnlyForDeploymentPostprocessing = 0;
		};
		91978FBC2B2B4428008714AF /* Resources */ = {
			isa = PBXResourcesBuildPhase;
			buildActionMask = 2147483647;
			files = (
			);
			runOnlyForDeploymentPostprocessing = 0;
		};
		91AA42782B57DEAF001D2796 /* Resources */ = {
			isa = PBXResourcesBuildPhase;
			buildActionMask = 2147483647;
			files = (
				91FC96152B6A89B500209984 /* Feed.xcstrings in Resources */,
				91FC960D2B692C6800209984 /* Feed.storyboard in Resources */,
				91FC960F2B692D8700209984 /* Feed.xcassets in Resources */,
			);
			runOnlyForDeploymentPostprocessing = 0;
		};
		91AA42812B57DEB0001D2796 /* Resources */ = {
			isa = PBXResourcesBuildPhase;
			buildActionMask = 2147483647;
			files = (
			);
			runOnlyForDeploymentPostprocessing = 0;
		};
		91B6DEF32B32EC050026B599 /* Resources */ = {
			isa = PBXResourcesBuildPhase;
			buildActionMask = 2147483647;
			files = (
			);
			runOnlyForDeploymentPostprocessing = 0;
		};
/* End PBXResourcesBuildPhase section */

/* Begin PBXSourcesBuildPhase section */
		9102B0302B4E985C009B6464 /* Sources */ = {
			isa = PBXSourcesBuildPhase;
			buildActionMask = 2147483647;
			files = (
				9102B0412B4EA0F0009B6464 /* SharedHelpers.swift in Sources */,
				9102B03F2B4E9D79009B6464 /* XCTextCase+MemoryLeakTracking.swift in Sources */,
				9102B0402B4EA0BC009B6464 /* Helpers.swift in Sources */,
				9102B0372B4E985C009B6464 /* EssentialFeedCacheIntegrationTests.swift in Sources */,
			);
			runOnlyForDeploymentPostprocessing = 0;
		};
		91978FB02B2B4428008714AF /* Sources */ = {
			isa = PBXSourcesBuildPhase;
			buildActionMask = 2147483647;
			files = (
				918EB45D2B3ECF8E00B8E847 /* FeedStore.swift in Sources */,
				9102B0262B4C02AD009B6464 /* FeedStore.xcdatamodeld in Sources */,
				91B6DEEC2B31BF3B0026B599 /* URLSessionHTTPClient.swift in Sources */,
				91B6DEE62B2DDDB10026B599 /* FeedItemsMapper.swift in Sources */,
				91978FD72B2B5AD6008714AF /* RemoteFeedLoader.swift in Sources */,
				91B6DEE82B2DDE0D0026B599 /* HTTPClient.swift in Sources */,
				9102B02B2B4C478D009B6464 /* CoreDataHelpers.swift in Sources */,
				91978FD12B2B4705008714AF /* FeedLoader.swift in Sources */,
				9102B0232B4C01CB009B6464 /* CoreDataFeedStore.swift in Sources */,
				9102B02D2B4C481D009B6464 /* ManagedCache.swift in Sources */,
				91978FCF2B2B44BE008714AF /* FeedImage.swift in Sources */,
				918EB45B2B3ECED100B8E847 /* LocalFeedLoader.swift in Sources */,
				9102B0112B471101009B6464 /* CodableFeedStore.swift in Sources */,
				918EB46E2B455A0E00B8E847 /* FeedCachePolicy.swift in Sources */,
				91978FB92B2B4428008714AF /* EssentialFeed.docc in Sources */,
				9102B02F2B4C4844009B6464 /* ManagedFeedImage.swift in Sources */,
				918EB45F2B3F182300B8E847 /* RemoteFeedItem.swift in Sources */,
				918EB4612B3F187000B8E847 /* LocalFeedImage.swift in Sources */,
			);
			runOnlyForDeploymentPostprocessing = 0;
		};
		91978FBA2B2B4428008714AF /* Sources */ = {
			isa = PBXSourcesBuildPhase;
			buildActionMask = 2147483647;
			files = (
				91FBA62B2B4591890047E8B2 /* CodableFeedStoreTests.swift in Sources */,
				91B6DEEF2B31BFBB0026B599 /* XCTextCase+MemoryLeakTracking.swift in Sources */,
				91978FD42B2B48AD008714AF /* RemoteFeedLoaderTests.swift in Sources */,
				918EB46C2B44616800B8E847 /* SharedHelpers.swift in Sources */,
				9102B0192B485113009B6464 /* XCTestCase+FailableInsertFeedStoreSpecs.swift in Sources */,
				918EB4662B440EFD00B8E847 /* FeedStoreSpy.swift in Sources */,
				918EB46A2B44601D00B8E847 /* Helpers.swift in Sources */,
				918EB4682B445A9C00B8E847 /* ValidateCacheTests.swift in Sources */,
				918EB4582B3DB6D400B8E847 /* SaveFeedInCacheTests.swift in Sources */,
				9102B01B2B4851CC009B6464 /* XCTestCase+FailableDeleteFeedStoreSpecs.swift in Sources */,
				9102B0172B484FE5009B6464 /* XCTestCase+FailableRetrieveFeedStoreSpecs.swift in Sources */,
				91B6DEEA2B3098ED0026B599 /* URLSessionHTTPClientTests.swift in Sources */,
				9102B0132B484643009B6464 /* FeedStoreSpecs.swift in Sources */,
				918EB4632B440D6100B8E847 /* LoadFeedFromCacheTests.swift in Sources */,
				9102B01E2B4BF744009B6464 /* CoreDataFeedStoreTests.swift in Sources */,
				9102B0152B484A33009B6464 /* XCTestCase+FeedStoreSpecs.swift in Sources */,
			);
			runOnlyForDeploymentPostprocessing = 0;
		};
		91AA42762B57DEAF001D2796 /* Sources */ = {
			isa = PBXSourcesBuildPhase;
			buildActionMask = 2147483647;
			files = (
				91FC95E32B5EAE7300209984 /* FeedImageDataLoader.swift in Sources */,
				91FC961B2B6B914500209984 /* MainQueueDispatchDecorator.swift in Sources */,
				91FC961D2B6B920400209984 /* WeakRefVirtualProxy.swift in Sources */,
				91FC95FB2B5FC3E100209984 /* FeedUIComposer.swift in Sources */,
				916BD90F2B73CE32009CD0F8 /* ErrorView.swift in Sources */,
				910F39B52B58328E001B41C1 /* FeedViewController.swift in Sources */,
				91FC96032B62BB8800209984 /* FeedPresenter.swift in Sources */,
				91FC96112B69404B00209984 /* UITableView+Dequeuing.swift in Sources */,
				91FC96072B67AA9900209984 /* FeedImageViewModel.swift in Sources */,
				91FC96052B679E8A00209984 /* FeedImagePresenter.swift in Sources */,
				91FC96132B6941ED00209984 /* UIImageView+Animations.swift in Sources */,
				91FC96092B67D0E000209984 /* FeedLoadingViewModel.swift in Sources */,
				91FC95F82B5FBED100209984 /* FeedImageCellController.swift in Sources */,
				91FC96212B6B92C600209984 /* FeedLoaderPresentationAdapter.swift in Sources */,
				910F39BA2B59798B001B41C1 /* UIView+Shimmering.swift in Sources */,
				91FC96232B6B92ED00209984 /* FeedImageDataLoaderPresentationAdapter.swift in Sources */,
				910F39B82B592E60001B41C1 /* FeedImageCell.swift in Sources */,
				91FC961F2B6B928900209984 /* FeedViewAdapter.swift in Sources */,
				916BD90D2B73CA84009CD0F8 /* FeedErrorViewModel.swift in Sources */,
				91AA427E2B57DEAF001D2796 /* EssentialFeediOS.docc in Sources */,
				91FC960B2B67D12F00209984 /* FeedViewModel.swift in Sources */,
			);
			runOnlyForDeploymentPostprocessing = 0;
		};
		91AA427F2B57DEB0001D2796 /* Sources */ = {
			isa = PBXSourcesBuildPhase;
			buildActionMask = 2147483647;
			files = (
				910F39B62B592B6D001B41C1 /* SharedHelpers.swift in Sources */,
				91FC95E62B5EB50B00209984 /* UIButton+TestHelpers.swift in Sources */,
				91FC95F42B5EB8FA00209984 /* FeedViewControllerTests+LoaderSpy.swift in Sources */,
				91FC96182B6A966C00209984 /* FeedLocalizationTests.swift in Sources */,
				910F39B32B581250001B41C1 /* XCTextCase+MemoryLeakTracking.swift in Sources */,
				91FC95EA2B5EB5AA00209984 /* UIImage+TestHelpers.swift in Sources */,
				91FC95F22B5EB83100209984 /* FeedViewController+TestHelpers.swift in Sources */,
				91FC95E82B5EB55A00209984 /* UIControl+TestHelpers.swift in Sources */,
				91FC95EC2B5EB5DD00209984 /* UIRefreshControl+TestHelpers.swift in Sources */,
				910F39AC2B580C86001B41C1 /* FeedUIIntegrationTests.swift in Sources */,
				91FC95F02B5EB7F900209984 /* FeedImageCell+TestHelpers.swift in Sources */,
			);
			runOnlyForDeploymentPostprocessing = 0;
		};
		91B6DEF12B32EC050026B599 /* Sources */ = {
			isa = PBXSourcesBuildPhase;
			buildActionMask = 2147483647;
			files = (
				91B6DEFF2B32F1BB0026B599 /* XCTextCase+MemoryLeakTracking.swift in Sources */,
				91B6DEF82B32EC050026B599 /* EssentialFeedAPIEndToEndTests.swift in Sources */,
			);
			runOnlyForDeploymentPostprocessing = 0;
		};
/* End PBXSourcesBuildPhase section */

/* Begin PBXTargetDependency section */
		9102B03A2B4E985C009B6464 /* PBXTargetDependency */ = {
			isa = PBXTargetDependency;
			target = 91978FB32B2B4428008714AF /* EssentialFeed */;
			targetProxy = 9102B0392B4E985C009B6464 /* PBXContainerItemProxy */;
		};
		910F39B12B581096001B41C1 /* PBXTargetDependency */ = {
			isa = PBXTargetDependency;
			platformFilter = ios;
			target = 91978FB32B2B4428008714AF /* EssentialFeed */;
			targetProxy = 910F39B02B581096001B41C1 /* PBXContainerItemProxy */;
		};
		91978FC12B2B4428008714AF /* PBXTargetDependency */ = {
			isa = PBXTargetDependency;
			target = 91978FB32B2B4428008714AF /* EssentialFeed */;
			targetProxy = 91978FC02B2B4428008714AF /* PBXContainerItemProxy */;
		};
		91AA42862B57DEB0001D2796 /* PBXTargetDependency */ = {
			isa = PBXTargetDependency;
			target = 91AA42792B57DEAF001D2796 /* EssentialFeediOS */;
			targetProxy = 91AA42852B57DEB0001D2796 /* PBXContainerItemProxy */;
		};
		91B6DEFB2B32EC050026B599 /* PBXTargetDependency */ = {
			isa = PBXTargetDependency;
			target = 91978FB32B2B4428008714AF /* EssentialFeed */;
			targetProxy = 91B6DEFA2B32EC050026B599 /* PBXContainerItemProxy */;
		};
/* End PBXTargetDependency section */

/* Begin XCBuildConfiguration section */
		9102B03C2B4E985C009B6464 /* Debug */ = {
			isa = XCBuildConfiguration;
			buildSettings = {
				CODE_SIGN_STYLE = Automatic;
				CURRENT_PROJECT_VERSION = 1;
				DEVELOPMENT_TEAM = TAFA532H7Z;
				GENERATE_INFOPLIST_FILE = YES;
				MACOSX_DEPLOYMENT_TARGET = 14.0;
				MARKETING_VERSION = 1.0;
				PRODUCT_BUNDLE_IDENTIFIER = com.agnesebussone.EssentialFeedCacheIntegrationTests;
				PRODUCT_NAME = "$(TARGET_NAME)";
				SUPPORTED_PLATFORMS = "iphoneos iphonesimulator macosx";
				SUPPORTS_MACCATALYST = NO;
				SWIFT_EMIT_LOC_STRINGS = NO;
				SWIFT_VERSION = 5.0;
				TARGETED_DEVICE_FAMILY = 1;
			};
			name = Debug;
		};
		9102B03D2B4E985C009B6464 /* Release */ = {
			isa = XCBuildConfiguration;
			buildSettings = {
				CODE_SIGN_STYLE = Automatic;
				CURRENT_PROJECT_VERSION = 1;
				DEVELOPMENT_TEAM = TAFA532H7Z;
				GENERATE_INFOPLIST_FILE = YES;
				MACOSX_DEPLOYMENT_TARGET = 14.0;
				MARKETING_VERSION = 1.0;
				PRODUCT_BUNDLE_IDENTIFIER = com.agnesebussone.EssentialFeedCacheIntegrationTests;
				PRODUCT_NAME = "$(TARGET_NAME)";
				SUPPORTED_PLATFORMS = "iphoneos iphonesimulator macosx";
				SUPPORTS_MACCATALYST = NO;
				SWIFT_EMIT_LOC_STRINGS = NO;
				SWIFT_VERSION = 5.0;
				TARGETED_DEVICE_FAMILY = 1;
			};
			name = Release;
		};
		91978FC62B2B4428008714AF /* Debug */ = {
			isa = XCBuildConfiguration;
			buildSettings = {
				ALWAYS_SEARCH_USER_PATHS = NO;
				ASSETCATALOG_COMPILER_GENERATE_SWIFT_ASSET_SYMBOL_EXTENSIONS = YES;
				CLANG_ANALYZER_NONNULL = YES;
				CLANG_ANALYZER_NUMBER_OBJECT_CONVERSION = YES_AGGRESSIVE;
				CLANG_CXX_LANGUAGE_STANDARD = "gnu++20";
				CLANG_ENABLE_MODULES = YES;
				CLANG_ENABLE_OBJC_ARC = YES;
				CLANG_ENABLE_OBJC_WEAK = YES;
				CLANG_WARN_BLOCK_CAPTURE_AUTORELEASING = YES;
				CLANG_WARN_BOOL_CONVERSION = YES;
				CLANG_WARN_COMMA = YES;
				CLANG_WARN_CONSTANT_CONVERSION = YES;
				CLANG_WARN_DEPRECATED_OBJC_IMPLEMENTATIONS = YES;
				CLANG_WARN_DIRECT_OBJC_ISA_USAGE = YES_ERROR;
				CLANG_WARN_DOCUMENTATION_COMMENTS = YES;
				CLANG_WARN_EMPTY_BODY = YES;
				CLANG_WARN_ENUM_CONVERSION = YES;
				CLANG_WARN_INFINITE_RECURSION = YES;
				CLANG_WARN_INT_CONVERSION = YES;
				CLANG_WARN_NON_LITERAL_NULL_CONVERSION = YES;
				CLANG_WARN_OBJC_IMPLICIT_RETAIN_SELF = YES;
				CLANG_WARN_OBJC_LITERAL_CONVERSION = YES;
				CLANG_WARN_OBJC_ROOT_CLASS = YES_ERROR;
				CLANG_WARN_QUOTED_INCLUDE_IN_FRAMEWORK_HEADER = YES;
				CLANG_WARN_RANGE_LOOP_ANALYSIS = YES;
				CLANG_WARN_STRICT_PROTOTYPES = YES;
				CLANG_WARN_SUSPICIOUS_MOVE = YES;
				CLANG_WARN_UNGUARDED_AVAILABILITY = YES_AGGRESSIVE;
				CLANG_WARN_UNREACHABLE_CODE = YES;
				CLANG_WARN__DUPLICATE_METHOD_MATCH = YES;
				COPY_PHASE_STRIP = NO;
				CURRENT_PROJECT_VERSION = 1;
				DEBUG_INFORMATION_FORMAT = dwarf;
				ENABLE_STRICT_OBJC_MSGSEND = YES;
				ENABLE_TESTABILITY = YES;
				ENABLE_USER_SCRIPT_SANDBOXING = YES;
				GCC_C_LANGUAGE_STANDARD = gnu17;
				GCC_DYNAMIC_NO_PIC = NO;
				GCC_NO_COMMON_BLOCKS = YES;
				GCC_OPTIMIZATION_LEVEL = 0;
				GCC_PREPROCESSOR_DEFINITIONS = (
					"DEBUG=1",
					"$(inherited)",
				);
				GCC_WARN_64_TO_32_BIT_CONVERSION = YES;
				GCC_WARN_ABOUT_RETURN_TYPE = YES_ERROR;
				GCC_WARN_UNDECLARED_SELECTOR = YES;
				GCC_WARN_UNINITIALIZED_AUTOS = YES_AGGRESSIVE;
				GCC_WARN_UNUSED_FUNCTION = YES;
				GCC_WARN_UNUSED_VARIABLE = YES;
				IPHONEOS_DEPLOYMENT_TARGET = 16.4;
				LOCALIZATION_PREFERS_STRING_CATALOGS = YES;
				MACOSX_DEPLOYMENT_TARGET = 13.5;
				MTL_ENABLE_DEBUG_INFO = INCLUDE_SOURCE;
				MTL_FAST_MATH = YES;
				ONLY_ACTIVE_ARCH = YES;
				SDKROOT = macosx;
				SWIFT_ACTIVE_COMPILATION_CONDITIONS = "DEBUG $(inherited)";
				SWIFT_OPTIMIZATION_LEVEL = "-Onone";
				SWIFT_VERSION = 5.0;
				VERSIONING_SYSTEM = "apple-generic";
				VERSION_INFO_PREFIX = "";
			};
			name = Debug;
		};
		91978FC72B2B4428008714AF /* Release */ = {
			isa = XCBuildConfiguration;
			buildSettings = {
				ALWAYS_SEARCH_USER_PATHS = NO;
				ASSETCATALOG_COMPILER_GENERATE_SWIFT_ASSET_SYMBOL_EXTENSIONS = YES;
				CLANG_ANALYZER_NONNULL = YES;
				CLANG_ANALYZER_NUMBER_OBJECT_CONVERSION = YES_AGGRESSIVE;
				CLANG_CXX_LANGUAGE_STANDARD = "gnu++20";
				CLANG_ENABLE_MODULES = YES;
				CLANG_ENABLE_OBJC_ARC = YES;
				CLANG_ENABLE_OBJC_WEAK = YES;
				CLANG_WARN_BLOCK_CAPTURE_AUTORELEASING = YES;
				CLANG_WARN_BOOL_CONVERSION = YES;
				CLANG_WARN_COMMA = YES;
				CLANG_WARN_CONSTANT_CONVERSION = YES;
				CLANG_WARN_DEPRECATED_OBJC_IMPLEMENTATIONS = YES;
				CLANG_WARN_DIRECT_OBJC_ISA_USAGE = YES_ERROR;
				CLANG_WARN_DOCUMENTATION_COMMENTS = YES;
				CLANG_WARN_EMPTY_BODY = YES;
				CLANG_WARN_ENUM_CONVERSION = YES;
				CLANG_WARN_INFINITE_RECURSION = YES;
				CLANG_WARN_INT_CONVERSION = YES;
				CLANG_WARN_NON_LITERAL_NULL_CONVERSION = YES;
				CLANG_WARN_OBJC_IMPLICIT_RETAIN_SELF = YES;
				CLANG_WARN_OBJC_LITERAL_CONVERSION = YES;
				CLANG_WARN_OBJC_ROOT_CLASS = YES_ERROR;
				CLANG_WARN_QUOTED_INCLUDE_IN_FRAMEWORK_HEADER = YES;
				CLANG_WARN_RANGE_LOOP_ANALYSIS = YES;
				CLANG_WARN_STRICT_PROTOTYPES = YES;
				CLANG_WARN_SUSPICIOUS_MOVE = YES;
				CLANG_WARN_UNGUARDED_AVAILABILITY = YES_AGGRESSIVE;
				CLANG_WARN_UNREACHABLE_CODE = YES;
				CLANG_WARN__DUPLICATE_METHOD_MATCH = YES;
				COPY_PHASE_STRIP = NO;
				CURRENT_PROJECT_VERSION = 1;
				DEBUG_INFORMATION_FORMAT = "dwarf-with-dsym";
				ENABLE_NS_ASSERTIONS = NO;
				ENABLE_STRICT_OBJC_MSGSEND = YES;
				ENABLE_USER_SCRIPT_SANDBOXING = YES;
				GCC_C_LANGUAGE_STANDARD = gnu17;
				GCC_NO_COMMON_BLOCKS = YES;
				GCC_WARN_64_TO_32_BIT_CONVERSION = YES;
				GCC_WARN_ABOUT_RETURN_TYPE = YES_ERROR;
				GCC_WARN_UNDECLARED_SELECTOR = YES;
				GCC_WARN_UNINITIALIZED_AUTOS = YES_AGGRESSIVE;
				GCC_WARN_UNUSED_FUNCTION = YES;
				GCC_WARN_UNUSED_VARIABLE = YES;
				IPHONEOS_DEPLOYMENT_TARGET = 16.4;
				LOCALIZATION_PREFERS_STRING_CATALOGS = YES;
				MACOSX_DEPLOYMENT_TARGET = 13.5;
				MTL_ENABLE_DEBUG_INFO = NO;
				MTL_FAST_MATH = YES;
				SDKROOT = macosx;
				SWIFT_COMPILATION_MODE = wholemodule;
				SWIFT_VERSION = 5.0;
				VERSIONING_SYSTEM = "apple-generic";
				VERSION_INFO_PREFIX = "";
			};
			name = Release;
		};
		91978FC92B2B4428008714AF /* Debug */ = {
			isa = XCBuildConfiguration;
			buildSettings = {
				CODE_SIGN_STYLE = Automatic;
				COMBINE_HIDPI_IMAGES = YES;
				CURRENT_PROJECT_VERSION = 1;
				DEFINES_MODULE = YES;
				DYLIB_COMPATIBILITY_VERSION = 1;
				DYLIB_CURRENT_VERSION = 1;
				DYLIB_INSTALL_NAME_BASE = "@rpath";
				ENABLE_MODULE_VERIFIER = YES;
				GENERATE_INFOPLIST_FILE = YES;
				INFOPLIST_KEY_NSHumanReadableCopyright = "";
				INSTALL_PATH = "$(LOCAL_LIBRARY_DIR)/Frameworks";
				LD_RUNPATH_SEARCH_PATHS = (
					"$(inherited)",
					"@executable_path/../Frameworks",
					"@loader_path/Frameworks",
				);
				MARKETING_VERSION = 1.0;
				MODULE_VERIFIER_SUPPORTED_LANGUAGES = "objective-c objective-c++";
				MODULE_VERIFIER_SUPPORTED_LANGUAGE_STANDARDS = "gnu17 gnu++20";
				PRODUCT_BUNDLE_IDENTIFIER = com.agnesebussone.EssentialFeed;
				PRODUCT_NAME = "$(TARGET_NAME:c99extidentifier)";
				SKIP_INSTALL = YES;
				SUPPORTED_PLATFORMS = "iphoneos iphonesimulator macosx";
				SUPPORTS_MACCATALYST = NO;
				SWIFT_EMIT_LOC_STRINGS = YES;
				SWIFT_VERSION = 5.0;
				TARGETED_DEVICE_FAMILY = 1;
			};
			name = Debug;
		};
		91978FCA2B2B4428008714AF /* Release */ = {
			isa = XCBuildConfiguration;
			buildSettings = {
				CODE_SIGN_STYLE = Automatic;
				COMBINE_HIDPI_IMAGES = YES;
				CURRENT_PROJECT_VERSION = 1;
				DEFINES_MODULE = YES;
				DYLIB_COMPATIBILITY_VERSION = 1;
				DYLIB_CURRENT_VERSION = 1;
				DYLIB_INSTALL_NAME_BASE = "@rpath";
				ENABLE_MODULE_VERIFIER = YES;
				GENERATE_INFOPLIST_FILE = YES;
				INFOPLIST_KEY_NSHumanReadableCopyright = "";
				INSTALL_PATH = "$(LOCAL_LIBRARY_DIR)/Frameworks";
				LD_RUNPATH_SEARCH_PATHS = (
					"$(inherited)",
					"@executable_path/../Frameworks",
					"@loader_path/Frameworks",
				);
				MARKETING_VERSION = 1.0;
				MODULE_VERIFIER_SUPPORTED_LANGUAGES = "objective-c objective-c++";
				MODULE_VERIFIER_SUPPORTED_LANGUAGE_STANDARDS = "gnu17 gnu++20";
				PRODUCT_BUNDLE_IDENTIFIER = com.agnesebussone.EssentialFeed;
				PRODUCT_NAME = "$(TARGET_NAME:c99extidentifier)";
				SKIP_INSTALL = YES;
				SUPPORTED_PLATFORMS = "iphoneos iphonesimulator macosx";
				SUPPORTS_MACCATALYST = NO;
				SWIFT_EMIT_LOC_STRINGS = YES;
				SWIFT_VERSION = 5.0;
				TARGETED_DEVICE_FAMILY = 1;
			};
			name = Release;
		};
		91978FCC2B2B4428008714AF /* Debug */ = {
			isa = XCBuildConfiguration;
			buildSettings = {
				ALWAYS_EMBED_SWIFT_STANDARD_LIBRARIES = YES;
				CODE_SIGN_STYLE = Automatic;
				CURRENT_PROJECT_VERSION = 1;
				GENERATE_INFOPLIST_FILE = YES;
				MARKETING_VERSION = 1.0;
				PRODUCT_BUNDLE_IDENTIFIER = com.agnesebussone.EssentialFeedTests;
				PRODUCT_NAME = "$(TARGET_NAME)";
				SUPPORTED_PLATFORMS = "iphoneos iphonesimulator macosx";
				SUPPORTS_MACCATALYST = NO;
				SWIFT_EMIT_LOC_STRINGS = NO;
				SWIFT_VERSION = 5.0;
				TARGETED_DEVICE_FAMILY = 1;
			};
			name = Debug;
		};
		91978FCD2B2B4428008714AF /* Release */ = {
			isa = XCBuildConfiguration;
			buildSettings = {
				ALWAYS_EMBED_SWIFT_STANDARD_LIBRARIES = YES;
				CODE_SIGN_STYLE = Automatic;
				CURRENT_PROJECT_VERSION = 1;
				GENERATE_INFOPLIST_FILE = YES;
				MARKETING_VERSION = 1.0;
				PRODUCT_BUNDLE_IDENTIFIER = com.agnesebussone.EssentialFeedTests;
				PRODUCT_NAME = "$(TARGET_NAME)";
				SUPPORTED_PLATFORMS = "iphoneos iphonesimulator macosx";
				SUPPORTS_MACCATALYST = NO;
				SWIFT_EMIT_LOC_STRINGS = NO;
				SWIFT_VERSION = 5.0;
				TARGETED_DEVICE_FAMILY = 1;
			};
			name = Release;
		};
		91AA428C2B57DEB0001D2796 /* Debug */ = {
			isa = XCBuildConfiguration;
			buildSettings = {
				CODE_SIGN_STYLE = Automatic;
				CURRENT_PROJECT_VERSION = 1;
				DEFINES_MODULE = YES;
				DEVELOPMENT_TEAM = TAFA532H7Z;
				DYLIB_COMPATIBILITY_VERSION = 1;
				DYLIB_CURRENT_VERSION = 1;
				DYLIB_INSTALL_NAME_BASE = "@rpath";
				ENABLE_MODULE_VERIFIER = YES;
				GENERATE_INFOPLIST_FILE = YES;
				INFOPLIST_KEY_NSHumanReadableCopyright = "";
				INSTALL_PATH = "$(LOCAL_LIBRARY_DIR)/Frameworks";
				IPHONEOS_DEPLOYMENT_TARGET = 16.4;
				LD_RUNPATH_SEARCH_PATHS = (
					"$(inherited)",
					"@executable_path/Frameworks",
					"@loader_path/Frameworks",
				);
				MARKETING_VERSION = 1.0;
				MODULE_VERIFIER_SUPPORTED_LANGUAGES = "objective-c objective-c++";
				MODULE_VERIFIER_SUPPORTED_LANGUAGE_STANDARDS = "gnu17 gnu++20";
				PRODUCT_BUNDLE_IDENTIFIER = com.agnesebussone.EssentialFeediOS;
				PRODUCT_NAME = "$(TARGET_NAME:c99extidentifier)";
				SDKROOT = iphoneos;
				SKIP_INSTALL = YES;
				SUPPORTED_PLATFORMS = "iphoneos iphonesimulator";
				SUPPORTS_MACCATALYST = NO;
				SUPPORTS_MAC_DESIGNED_FOR_IPHONE_IPAD = NO;
				SWIFT_EMIT_LOC_STRINGS = YES;
				SWIFT_VERSION = 5.0;
				TARGETED_DEVICE_FAMILY = "1,2";
			};
			name = Debug;
		};
		91AA428D2B57DEB0001D2796 /* Release */ = {
			isa = XCBuildConfiguration;
			buildSettings = {
				CODE_SIGN_STYLE = Automatic;
				CURRENT_PROJECT_VERSION = 1;
				DEFINES_MODULE = YES;
				DEVELOPMENT_TEAM = TAFA532H7Z;
				DYLIB_COMPATIBILITY_VERSION = 1;
				DYLIB_CURRENT_VERSION = 1;
				DYLIB_INSTALL_NAME_BASE = "@rpath";
				ENABLE_MODULE_VERIFIER = YES;
				GENERATE_INFOPLIST_FILE = YES;
				INFOPLIST_KEY_NSHumanReadableCopyright = "";
				INSTALL_PATH = "$(LOCAL_LIBRARY_DIR)/Frameworks";
				IPHONEOS_DEPLOYMENT_TARGET = 16.4;
				LD_RUNPATH_SEARCH_PATHS = (
					"$(inherited)",
					"@executable_path/Frameworks",
					"@loader_path/Frameworks",
				);
				MARKETING_VERSION = 1.0;
				MODULE_VERIFIER_SUPPORTED_LANGUAGES = "objective-c objective-c++";
				MODULE_VERIFIER_SUPPORTED_LANGUAGE_STANDARDS = "gnu17 gnu++20";
				PRODUCT_BUNDLE_IDENTIFIER = com.agnesebussone.EssentialFeediOS;
				PRODUCT_NAME = "$(TARGET_NAME:c99extidentifier)";
				SDKROOT = iphoneos;
				SKIP_INSTALL = YES;
				SUPPORTED_PLATFORMS = "iphoneos iphonesimulator";
				SUPPORTS_MACCATALYST = NO;
				SUPPORTS_MAC_DESIGNED_FOR_IPHONE_IPAD = NO;
				SWIFT_EMIT_LOC_STRINGS = YES;
				SWIFT_VERSION = 5.0;
				TARGETED_DEVICE_FAMILY = "1,2";
				VALIDATE_PRODUCT = YES;
			};
			name = Release;
		};
		91AA428F2B57DEB0001D2796 /* Debug */ = {
			isa = XCBuildConfiguration;
			buildSettings = {
				ALWAYS_EMBED_SWIFT_STANDARD_LIBRARIES = YES;
				CODE_SIGN_STYLE = Automatic;
				CURRENT_PROJECT_VERSION = 1;
				DEVELOPMENT_TEAM = TAFA532H7Z;
				GENERATE_INFOPLIST_FILE = YES;
				IPHONEOS_DEPLOYMENT_TARGET = 16.4;
				MARKETING_VERSION = 1.0;
				PRODUCT_BUNDLE_IDENTIFIER = com.agnesebussone.EssentialFeediOSTests;
				PRODUCT_NAME = "$(TARGET_NAME)";
				SDKROOT = iphoneos;
				SUPPORTED_PLATFORMS = "iphoneos iphonesimulator";
				SUPPORTS_MACCATALYST = NO;
				SUPPORTS_MAC_DESIGNED_FOR_IPHONE_IPAD = NO;
				SWIFT_EMIT_LOC_STRINGS = NO;
				SWIFT_VERSION = 5.0;
				TARGETED_DEVICE_FAMILY = "1,2";
			};
			name = Debug;
		};
		91AA42902B57DEB0001D2796 /* Release */ = {
			isa = XCBuildConfiguration;
			buildSettings = {
				ALWAYS_EMBED_SWIFT_STANDARD_LIBRARIES = YES;
				CODE_SIGN_STYLE = Automatic;
				CURRENT_PROJECT_VERSION = 1;
				DEVELOPMENT_TEAM = TAFA532H7Z;
				GENERATE_INFOPLIST_FILE = YES;
				IPHONEOS_DEPLOYMENT_TARGET = 16.4;
				MARKETING_VERSION = 1.0;
				PRODUCT_BUNDLE_IDENTIFIER = com.agnesebussone.EssentialFeediOSTests;
				PRODUCT_NAME = "$(TARGET_NAME)";
				SDKROOT = iphoneos;
				SUPPORTED_PLATFORMS = "iphoneos iphonesimulator";
				SUPPORTS_MACCATALYST = NO;
				SUPPORTS_MAC_DESIGNED_FOR_IPHONE_IPAD = NO;
				SWIFT_EMIT_LOC_STRINGS = NO;
				SWIFT_VERSION = 5.0;
				TARGETED_DEVICE_FAMILY = "1,2";
				VALIDATE_PRODUCT = YES;
			};
			name = Release;
		};
		91B6DEFD2B32EC050026B599 /* Debug */ = {
			isa = XCBuildConfiguration;
			buildSettings = {
				CODE_SIGN_STYLE = Automatic;
				CURRENT_PROJECT_VERSION = 1;
				DEVELOPMENT_TEAM = TAFA532H7Z;
				GENERATE_INFOPLIST_FILE = YES;
				MACOSX_DEPLOYMENT_TARGET = 13.5;
				MARKETING_VERSION = 1.0;
				PRODUCT_BUNDLE_IDENTIFIER = com.agnesebussone.EssentialFeedAPIEndToEndTests;
				PRODUCT_NAME = "$(TARGET_NAME)";
				SUPPORTED_PLATFORMS = "iphoneos iphonesimulator macosx";
				SUPPORTS_MACCATALYST = NO;
				SWIFT_EMIT_LOC_STRINGS = NO;
				SWIFT_VERSION = 5.0;
				TARGETED_DEVICE_FAMILY = 1;
			};
			name = Debug;
		};
		91B6DEFE2B32EC050026B599 /* Release */ = {
			isa = XCBuildConfiguration;
			buildSettings = {
				CODE_SIGN_STYLE = Automatic;
				CURRENT_PROJECT_VERSION = 1;
				DEVELOPMENT_TEAM = TAFA532H7Z;
				GENERATE_INFOPLIST_FILE = YES;
				MACOSX_DEPLOYMENT_TARGET = 13.5;
				MARKETING_VERSION = 1.0;
				PRODUCT_BUNDLE_IDENTIFIER = com.agnesebussone.EssentialFeedAPIEndToEndTests;
				PRODUCT_NAME = "$(TARGET_NAME)";
				SUPPORTED_PLATFORMS = "iphoneos iphonesimulator macosx";
				SUPPORTS_MACCATALYST = NO;
				SWIFT_EMIT_LOC_STRINGS = NO;
				SWIFT_VERSION = 5.0;
				TARGETED_DEVICE_FAMILY = 1;
			};
			name = Release;
		};
/* End XCBuildConfiguration section */

/* Begin XCConfigurationList section */
		9102B03B2B4E985C009B6464 /* Build configuration list for PBXNativeTarget "EssentialFeedCacheIntegrationTests" */ = {
			isa = XCConfigurationList;
			buildConfigurations = (
				9102B03C2B4E985C009B6464 /* Debug */,
				9102B03D2B4E985C009B6464 /* Release */,
			);
			defaultConfigurationIsVisible = 0;
			defaultConfigurationName = Release;
		};
		91978FAE2B2B4428008714AF /* Build configuration list for PBXProject "EssentialFeed" */ = {
			isa = XCConfigurationList;
			buildConfigurations = (
				91978FC62B2B4428008714AF /* Debug */,
				91978FC72B2B4428008714AF /* Release */,
			);
			defaultConfigurationIsVisible = 0;
			defaultConfigurationName = Release;
		};
		91978FC82B2B4428008714AF /* Build configuration list for PBXNativeTarget "EssentialFeed" */ = {
			isa = XCConfigurationList;
			buildConfigurations = (
				91978FC92B2B4428008714AF /* Debug */,
				91978FCA2B2B4428008714AF /* Release */,
			);
			defaultConfigurationIsVisible = 0;
			defaultConfigurationName = Release;
		};
		91978FCB2B2B4428008714AF /* Build configuration list for PBXNativeTarget "EssentialFeedTests" */ = {
			isa = XCConfigurationList;
			buildConfigurations = (
				91978FCC2B2B4428008714AF /* Debug */,
				91978FCD2B2B4428008714AF /* Release */,
			);
			defaultConfigurationIsVisible = 0;
			defaultConfigurationName = Release;
		};
		91AA428B2B57DEB0001D2796 /* Build configuration list for PBXNativeTarget "EssentialFeediOS" */ = {
			isa = XCConfigurationList;
			buildConfigurations = (
				91AA428C2B57DEB0001D2796 /* Debug */,
				91AA428D2B57DEB0001D2796 /* Release */,
			);
			defaultConfigurationIsVisible = 0;
			defaultConfigurationName = Release;
		};
		91AA428E2B57DEB0001D2796 /* Build configuration list for PBXNativeTarget "EssentialFeediOSTests" */ = {
			isa = XCConfigurationList;
			buildConfigurations = (
				91AA428F2B57DEB0001D2796 /* Debug */,
				91AA42902B57DEB0001D2796 /* Release */,
			);
			defaultConfigurationIsVisible = 0;
			defaultConfigurationName = Release;
		};
		91B6DEFC2B32EC050026B599 /* Build configuration list for PBXNativeTarget "EssentialFeedAPIEndToEndTests" */ = {
			isa = XCConfigurationList;
			buildConfigurations = (
				91B6DEFD2B32EC050026B599 /* Debug */,
				91B6DEFE2B32EC050026B599 /* Release */,
			);
			defaultConfigurationIsVisible = 0;
			defaultConfigurationName = Release;
		};
/* End XCConfigurationList section */

/* Begin XCVersionGroup section */
		9102B0242B4C02AD009B6464 /* FeedStore.xcdatamodeld */ = {
			isa = XCVersionGroup;
			children = (
				9102B0252B4C02AD009B6464 /* FeedStore.xcdatamodel */,
			);
			currentVersion = 9102B0252B4C02AD009B6464 /* FeedStore.xcdatamodel */;
			path = FeedStore.xcdatamodeld;
			sourceTree = "<group>";
			versionGroupType = wrapper.xcdatamodel;
		};
/* End XCVersionGroup section */
	};
	rootObject = 91978FAB2B2B4428008714AF /* Project object */;
}
