// !$*UTF8*$!
{
	archiveVersion = 1;
	classes = {
	};
	objectVersion = 56;
	objects = {

/* Begin PBXBuildFile section */
		9102B0112B471101009B6464 /* CodableFeedStore.swift in Sources */ = {isa = PBXBuildFile; fileRef = 9102B0102B471101009B6464 /* CodableFeedStore.swift */; };
		9102B0132B484643009B6464 /* FeedStoreSpecs.swift in Sources */ = {isa = PBXBuildFile; fileRef = 9102B0122B484643009B6464 /* FeedStoreSpecs.swift */; };
		918EB4582B3DB6D400B8E847 /* SaveFeedInCacheTests.swift in Sources */ = {isa = PBXBuildFile; fileRef = 918EB4572B3DB6D400B8E847 /* SaveFeedInCacheTests.swift */; };
		918EB45B2B3ECED100B8E847 /* LocalFeedLoader.swift in Sources */ = {isa = PBXBuildFile; fileRef = 918EB45A2B3ECED100B8E847 /* LocalFeedLoader.swift */; };
		918EB45D2B3ECF8E00B8E847 /* FeedStore.swift in Sources */ = {isa = PBXBuildFile; fileRef = 918EB45C2B3ECF8E00B8E847 /* FeedStore.swift */; };
		918EB45F2B3F182300B8E847 /* RemoteFeedItem.swift in Sources */ = {isa = PBXBuildFile; fileRef = 918EB45E2B3F182300B8E847 /* RemoteFeedItem.swift */; };
		918EB4612B3F187000B8E847 /* LocalFeedImage.swift in Sources */ = {isa = PBXBuildFile; fileRef = 918EB4602B3F187000B8E847 /* LocalFeedImage.swift */; };
		918EB4632B440D6100B8E847 /* LoadFeedFromCacheTests.swift in Sources */ = {isa = PBXBuildFile; fileRef = 918EB4622B440D6100B8E847 /* LoadFeedFromCacheTests.swift */; };
		918EB4662B440EFD00B8E847 /* FeedStoreSpy.swift in Sources */ = {isa = PBXBuildFile; fileRef = 918EB4652B440EFD00B8E847 /* FeedStoreSpy.swift */; };
		918EB4682B445A9C00B8E847 /* ValidateCacheTests.swift in Sources */ = {isa = PBXBuildFile; fileRef = 918EB4672B445A9C00B8E847 /* ValidateCacheTests.swift */; };
		918EB46A2B44601D00B8E847 /* Helpers.swift in Sources */ = {isa = PBXBuildFile; fileRef = 918EB4692B44601D00B8E847 /* Helpers.swift */; };
		918EB46C2B44616800B8E847 /* SharedHelpers.swift in Sources */ = {isa = PBXBuildFile; fileRef = 918EB46B2B44616800B8E847 /* SharedHelpers.swift */; };
		918EB46E2B455A0E00B8E847 /* FeedCachePolicy.swift in Sources */ = {isa = PBXBuildFile; fileRef = 918EB46D2B455A0E00B8E847 /* FeedCachePolicy.swift */; };
		91978FB92B2B4428008714AF /* EssentialFeed.docc in Sources */ = {isa = PBXBuildFile; fileRef = 91978FB82B2B4428008714AF /* EssentialFeed.docc */; };
		91978FBF2B2B4428008714AF /* EssentialFeed.framework in Frameworks */ = {isa = PBXBuildFile; fileRef = 91978FB42B2B4428008714AF /* EssentialFeed.framework */; };
		91978FC52B2B4428008714AF /* EssentialFeed.h in Headers */ = {isa = PBXBuildFile; fileRef = 91978FB72B2B4428008714AF /* EssentialFeed.h */; settings = {ATTRIBUTES = (Public, ); }; };
		91978FCF2B2B44BE008714AF /* FeedImage.swift in Sources */ = {isa = PBXBuildFile; fileRef = 91978FCE2B2B44BE008714AF /* FeedImage.swift */; };
		91978FD12B2B4705008714AF /* FeedLoader.swift in Sources */ = {isa = PBXBuildFile; fileRef = 91978FD02B2B4705008714AF /* FeedLoader.swift */; };
		91978FD42B2B48AD008714AF /* RemoteFeedLoaderTests.swift in Sources */ = {isa = PBXBuildFile; fileRef = 91978FD32B2B48AD008714AF /* RemoteFeedLoaderTests.swift */; };
		91978FD72B2B5AD6008714AF /* RemoteFeedLoader.swift in Sources */ = {isa = PBXBuildFile; fileRef = 91978FD62B2B5AD6008714AF /* RemoteFeedLoader.swift */; };
		91B6DEE62B2DDDB10026B599 /* FeedItemsMapper.swift in Sources */ = {isa = PBXBuildFile; fileRef = 91B6DEE52B2DDDB10026B599 /* FeedItemsMapper.swift */; };
		91B6DEE82B2DDE0D0026B599 /* HTTPClient.swift in Sources */ = {isa = PBXBuildFile; fileRef = 91B6DEE72B2DDE0D0026B599 /* HTTPClient.swift */; };
		91B6DEEA2B3098ED0026B599 /* URLSessionHTTPClientTests.swift in Sources */ = {isa = PBXBuildFile; fileRef = 91B6DEE92B3098ED0026B599 /* URLSessionHTTPClientTests.swift */; };
		91B6DEEC2B31BF3B0026B599 /* URLSessionHTTPClient.swift in Sources */ = {isa = PBXBuildFile; fileRef = 91B6DEEB2B31BF3B0026B599 /* URLSessionHTTPClient.swift */; };
		91B6DEEF2B31BFBB0026B599 /* XCTextCase+MemoryLeakTracking.swift in Sources */ = {isa = PBXBuildFile; fileRef = 91B6DEEE2B31BFBB0026B599 /* XCTextCase+MemoryLeakTracking.swift */; };
		91B6DEF82B32EC050026B599 /* EssentialFeedAPIEndToEndTests.swift in Sources */ = {isa = PBXBuildFile; fileRef = 91B6DEF72B32EC050026B599 /* EssentialFeedAPIEndToEndTests.swift */; };
		91B6DEF92B32EC050026B599 /* EssentialFeed.framework in Frameworks */ = {isa = PBXBuildFile; fileRef = 91978FB42B2B4428008714AF /* EssentialFeed.framework */; };
		91B6DEFF2B32F1BB0026B599 /* XCTextCase+MemoryLeakTracking.swift in Sources */ = {isa = PBXBuildFile; fileRef = 91B6DEEE2B31BFBB0026B599 /* XCTextCase+MemoryLeakTracking.swift */; };
		91FBA62B2B4591890047E8B2 /* CodableFeedStoreTests.swift in Sources */ = {isa = PBXBuildFile; fileRef = 91FBA62A2B4591890047E8B2 /* CodableFeedStoreTests.swift */; };
/* End PBXBuildFile section */

/* Begin PBXContainerItemProxy section */
		91978FC02B2B4428008714AF /* PBXContainerItemProxy */ = {
			isa = PBXContainerItemProxy;
			containerPortal = 91978FAB2B2B4428008714AF /* Project object */;
			proxyType = 1;
			remoteGlobalIDString = 91978FB32B2B4428008714AF;
			remoteInfo = EssentialFeed;
		};
		91B6DEFA2B32EC050026B599 /* PBXContainerItemProxy */ = {
			isa = PBXContainerItemProxy;
			containerPortal = 91978FAB2B2B4428008714AF /* Project object */;
			proxyType = 1;
			remoteGlobalIDString = 91978FB32B2B4428008714AF;
			remoteInfo = EssentialFeed;
		};
/* End PBXContainerItemProxy section */

/* Begin PBXFileReference section */
		9102B0102B471101009B6464 /* CodableFeedStore.swift */ = {isa = PBXFileReference; lastKnownFileType = sourcecode.swift; path = CodableFeedStore.swift; sourceTree = "<group>"; };
		9102B0122B484643009B6464 /* FeedStoreSpecs.swift */ = {isa = PBXFileReference; lastKnownFileType = sourcecode.swift; path = FeedStoreSpecs.swift; sourceTree = "<group>"; };
		918EB4572B3DB6D400B8E847 /* SaveFeedInCacheTests.swift */ = {isa = PBXFileReference; lastKnownFileType = sourcecode.swift; path = SaveFeedInCacheTests.swift; sourceTree = "<group>"; };
		918EB45A2B3ECED100B8E847 /* LocalFeedLoader.swift */ = {isa = PBXFileReference; lastKnownFileType = sourcecode.swift; path = LocalFeedLoader.swift; sourceTree = "<group>"; };
		918EB45C2B3ECF8E00B8E847 /* FeedStore.swift */ = {isa = PBXFileReference; lastKnownFileType = sourcecode.swift; path = FeedStore.swift; sourceTree = "<group>"; };
		918EB45E2B3F182300B8E847 /* RemoteFeedItem.swift */ = {isa = PBXFileReference; lastKnownFileType = sourcecode.swift; path = RemoteFeedItem.swift; sourceTree = "<group>"; };
		918EB4602B3F187000B8E847 /* LocalFeedImage.swift */ = {isa = PBXFileReference; lastKnownFileType = sourcecode.swift; path = LocalFeedImage.swift; sourceTree = "<group>"; };
		918EB4622B440D6100B8E847 /* LoadFeedFromCacheTests.swift */ = {isa = PBXFileReference; lastKnownFileType = sourcecode.swift; path = LoadFeedFromCacheTests.swift; sourceTree = "<group>"; };
		918EB4652B440EFD00B8E847 /* FeedStoreSpy.swift */ = {isa = PBXFileReference; lastKnownFileType = sourcecode.swift; path = FeedStoreSpy.swift; sourceTree = "<group>"; };
		918EB4672B445A9C00B8E847 /* ValidateCacheTests.swift */ = {isa = PBXFileReference; lastKnownFileType = sourcecode.swift; path = ValidateCacheTests.swift; sourceTree = "<group>"; };
		918EB4692B44601D00B8E847 /* Helpers.swift */ = {isa = PBXFileReference; lastKnownFileType = sourcecode.swift; path = Helpers.swift; sourceTree = "<group>"; };
		918EB46B2B44616800B8E847 /* SharedHelpers.swift */ = {isa = PBXFileReference; lastKnownFileType = sourcecode.swift; path = SharedHelpers.swift; sourceTree = "<group>"; };
		918EB46D2B455A0E00B8E847 /* FeedCachePolicy.swift */ = {isa = PBXFileReference; lastKnownFileType = sourcecode.swift; path = FeedCachePolicy.swift; sourceTree = "<group>"; };
		91978FB42B2B4428008714AF /* EssentialFeed.framework */ = {isa = PBXFileReference; explicitFileType = wrapper.framework; includeInIndex = 0; path = EssentialFeed.framework; sourceTree = BUILT_PRODUCTS_DIR; };
		91978FB72B2B4428008714AF /* EssentialFeed.h */ = {isa = PBXFileReference; lastKnownFileType = sourcecode.c.h; path = EssentialFeed.h; sourceTree = "<group>"; };
		91978FB82B2B4428008714AF /* EssentialFeed.docc */ = {isa = PBXFileReference; lastKnownFileType = folder.documentationcatalog; path = EssentialFeed.docc; sourceTree = "<group>"; };
		91978FBE2B2B4428008714AF /* EssentialFeedTests.xctest */ = {isa = PBXFileReference; explicitFileType = wrapper.cfbundle; includeInIndex = 0; path = EssentialFeedTests.xctest; sourceTree = BUILT_PRODUCTS_DIR; };
		91978FCE2B2B44BE008714AF /* FeedImage.swift */ = {isa = PBXFileReference; lastKnownFileType = sourcecode.swift; path = FeedImage.swift; sourceTree = "<group>"; };
		91978FD02B2B4705008714AF /* FeedLoader.swift */ = {isa = PBXFileReference; lastKnownFileType = sourcecode.swift; path = FeedLoader.swift; sourceTree = "<group>"; };
		91978FD32B2B48AD008714AF /* RemoteFeedLoaderTests.swift */ = {isa = PBXFileReference; lastKnownFileType = sourcecode.swift; path = RemoteFeedLoaderTests.swift; sourceTree = "<group>"; };
		91978FD62B2B5AD6008714AF /* RemoteFeedLoader.swift */ = {isa = PBXFileReference; lastKnownFileType = sourcecode.swift; path = RemoteFeedLoader.swift; sourceTree = "<group>"; };
		91B6DEE52B2DDDB10026B599 /* FeedItemsMapper.swift */ = {isa = PBXFileReference; lastKnownFileType = sourcecode.swift; path = FeedItemsMapper.swift; sourceTree = "<group>"; };
		91B6DEE72B2DDE0D0026B599 /* HTTPClient.swift */ = {isa = PBXFileReference; lastKnownFileType = sourcecode.swift; path = HTTPClient.swift; sourceTree = "<group>"; };
		91B6DEE92B3098ED0026B599 /* URLSessionHTTPClientTests.swift */ = {isa = PBXFileReference; lastKnownFileType = sourcecode.swift; path = URLSessionHTTPClientTests.swift; sourceTree = "<group>"; };
		91B6DEEB2B31BF3B0026B599 /* URLSessionHTTPClient.swift */ = {isa = PBXFileReference; lastKnownFileType = sourcecode.swift; path = URLSessionHTTPClient.swift; sourceTree = "<group>"; };
		91B6DEEE2B31BFBB0026B599 /* XCTextCase+MemoryLeakTracking.swift */ = {isa = PBXFileReference; lastKnownFileType = sourcecode.swift; path = "XCTextCase+MemoryLeakTracking.swift"; sourceTree = "<group>"; };
		91B6DEF02B32E92D0026B599 /* EssentialFeed.xctestplan */ = {isa = PBXFileReference; lastKnownFileType = text; path = EssentialFeed.xctestplan; sourceTree = "<group>"; };
		91B6DEF52B32EC050026B599 /* EssentialFeedAPIEndToEndTests.xctest */ = {isa = PBXFileReference; explicitFileType = wrapper.cfbundle; includeInIndex = 0; path = EssentialFeedAPIEndToEndTests.xctest; sourceTree = BUILT_PRODUCTS_DIR; };
		91B6DEF72B32EC050026B599 /* EssentialFeedAPIEndToEndTests.swift */ = {isa = PBXFileReference; lastKnownFileType = sourcecode.swift; path = EssentialFeedAPIEndToEndTests.swift; sourceTree = "<group>"; };
		91D4A7B12B333F380075E133 /* CI.xctestplan */ = {isa = PBXFileReference; lastKnownFileType = text; path = CI.xctestplan; sourceTree = "<group>"; };
		91FBA62A2B4591890047E8B2 /* CodableFeedStoreTests.swift */ = {isa = PBXFileReference; lastKnownFileType = sourcecode.swift; path = CodableFeedStoreTests.swift; sourceTree = "<group>"; };
/* End PBXFileReference section */

/* Begin PBXFrameworksBuildPhase section */
		91978FB12B2B4428008714AF /* Frameworks */ = {
			isa = PBXFrameworksBuildPhase;
			buildActionMask = 2147483647;
			files = (
			);
			runOnlyForDeploymentPostprocessing = 0;
		};
		91978FBB2B2B4428008714AF /* Frameworks */ = {
			isa = PBXFrameworksBuildPhase;
			buildActionMask = 2147483647;
			files = (
				91978FBF2B2B4428008714AF /* EssentialFeed.framework in Frameworks */,
			);
			runOnlyForDeploymentPostprocessing = 0;
		};
		91B6DEF22B32EC050026B599 /* Frameworks */ = {
			isa = PBXFrameworksBuildPhase;
			buildActionMask = 2147483647;
			files = (
				91B6DEF92B32EC050026B599 /* EssentialFeed.framework in Frameworks */,
			);
			runOnlyForDeploymentPostprocessing = 0;
		};
/* End PBXFrameworksBuildPhase section */

/* Begin PBXGroup section */
		918EB4552B3DB68B00B8E847 /* API */ = {
			isa = PBXGroup;
			children = (
				91978FD32B2B48AD008714AF /* RemoteFeedLoaderTests.swift */,
				91B6DEE92B3098ED0026B599 /* URLSessionHTTPClientTests.swift */,
			);
			path = API;
			sourceTree = "<group>";
		};
		918EB4562B3DB69800B8E847 /* Cache */ = {
			isa = PBXGroup;
			children = (
				918EB4642B440EEA00B8E847 /* Helpers */,
				918EB4572B3DB6D400B8E847 /* SaveFeedInCacheTests.swift */,
				918EB4622B440D6100B8E847 /* LoadFeedFromCacheTests.swift */,
				918EB4672B445A9C00B8E847 /* ValidateCacheTests.swift */,
				91FBA62A2B4591890047E8B2 /* CodableFeedStoreTests.swift */,
				9102B0122B484643009B6464 /* FeedStoreSpecs.swift */,
			);
			path = Cache;
			sourceTree = "<group>";
		};
		918EB4592B3ECEAD00B8E847 /* Feed Cache */ = {
			isa = PBXGroup;
			children = (
				918EB45A2B3ECED100B8E847 /* LocalFeedLoader.swift */,
				918EB45C2B3ECF8E00B8E847 /* FeedStore.swift */,
				918EB4602B3F187000B8E847 /* LocalFeedImage.swift */,
				918EB46D2B455A0E00B8E847 /* FeedCachePolicy.swift */,
				9102B0102B471101009B6464 /* CodableFeedStore.swift */,
			);
			path = "Feed Cache";
			sourceTree = "<group>";
		};
		918EB4642B440EEA00B8E847 /* Helpers */ = {
			isa = PBXGroup;
			children = (
				918EB4652B440EFD00B8E847 /* FeedStoreSpy.swift */,
				918EB4692B44601D00B8E847 /* Helpers.swift */,
			);
			path = Helpers;
			sourceTree = "<group>";
		};
		91978FAA2B2B4428008714AF = {
			isa = PBXGroup;
			children = (
				91D4A7B12B333F380075E133 /* CI.xctestplan */,
				91B6DEF02B32E92D0026B599 /* EssentialFeed.xctestplan */,
				91978FB62B2B4428008714AF /* EssentialFeed */,
				91978FC22B2B4428008714AF /* EssentialFeedTests */,
				91B6DEF62B32EC050026B599 /* EssentialFeedAPIEndToEndTests */,
				91978FB52B2B4428008714AF /* Products */,
			);
			sourceTree = "<group>";
		};
		91978FB52B2B4428008714AF /* Products */ = {
			isa = PBXGroup;
			children = (
				91978FB42B2B4428008714AF /* EssentialFeed.framework */,
				91978FBE2B2B4428008714AF /* EssentialFeedTests.xctest */,
				91B6DEF52B32EC050026B599 /* EssentialFeedAPIEndToEndTests.xctest */,
			);
			name = Products;
			sourceTree = "<group>";
		};
		91978FB62B2B4428008714AF /* EssentialFeed */ = {
			isa = PBXGroup;
			children = (
				918EB4592B3ECEAD00B8E847 /* Feed Cache */,
				91978FD52B2B5AB7008714AF /* Feed API */,
				91978FD22B2B47E7008714AF /* Feed Feature */,
				91978FB72B2B4428008714AF /* EssentialFeed.h */,
				91978FB82B2B4428008714AF /* EssentialFeed.docc */,
			);
			path = EssentialFeed;
			sourceTree = "<group>";
		};
		91978FC22B2B4428008714AF /* EssentialFeedTests */ = {
			isa = PBXGroup;
			children = (
				918EB4562B3DB69800B8E847 /* Cache */,
				91B6DEED2B31BFA00026B599 /* Helpers */,
				918EB4552B3DB68B00B8E847 /* API */,
			);
			path = EssentialFeedTests;
			sourceTree = "<group>";
		};
		91978FD22B2B47E7008714AF /* Feed Feature */ = {
			isa = PBXGroup;
			children = (
				91978FCE2B2B44BE008714AF /* FeedImage.swift */,
				91978FD02B2B4705008714AF /* FeedLoader.swift */,
			);
			path = "Feed Feature";
			sourceTree = "<group>";
		};
		91978FD52B2B5AB7008714AF /* Feed API */ = {
			isa = PBXGroup;
			children = (
				91978FD62B2B5AD6008714AF /* RemoteFeedLoader.swift */,
				91B6DEE52B2DDDB10026B599 /* FeedItemsMapper.swift */,
				91B6DEE72B2DDE0D0026B599 /* HTTPClient.swift */,
				91B6DEEB2B31BF3B0026B599 /* URLSessionHTTPClient.swift */,
				918EB45E2B3F182300B8E847 /* RemoteFeedItem.swift */,
			);
			path = "Feed API";
			sourceTree = "<group>";
		};
		91B6DEED2B31BFA00026B599 /* Helpers */ = {
			isa = PBXGroup;
			children = (
				91B6DEEE2B31BFBB0026B599 /* XCTextCase+MemoryLeakTracking.swift */,
				918EB46B2B44616800B8E847 /* SharedHelpers.swift */,
			);
			path = Helpers;
			sourceTree = "<group>";
		};
		91B6DEF62B32EC050026B599 /* EssentialFeedAPIEndToEndTests */ = {
			isa = PBXGroup;
			children = (
				91B6DEF72B32EC050026B599 /* EssentialFeedAPIEndToEndTests.swift */,
			);
			path = EssentialFeedAPIEndToEndTests;
			sourceTree = "<group>";
		};
/* End PBXGroup section */

/* Begin PBXHeadersBuildPhase section */
		91978FAF2B2B4428008714AF /* Headers */ = {
			isa = PBXHeadersBuildPhase;
			buildActionMask = 2147483647;
			files = (
				91978FC52B2B4428008714AF /* EssentialFeed.h in Headers */,
			);
			runOnlyForDeploymentPostprocessing = 0;
		};
/* End PBXHeadersBuildPhase section */

/* Begin PBXNativeTarget section */
		91978FB32B2B4428008714AF /* EssentialFeed */ = {
			isa = PBXNativeTarget;
			buildConfigurationList = 91978FC82B2B4428008714AF /* Build configuration list for PBXNativeTarget "EssentialFeed" */;
			buildPhases = (
				91978FAF2B2B4428008714AF /* Headers */,
				91978FB02B2B4428008714AF /* Sources */,
				91978FB12B2B4428008714AF /* Frameworks */,
				91978FB22B2B4428008714AF /* Resources */,
			);
			buildRules = (
			);
			dependencies = (
			);
			name = EssentialFeed;
			productName = EssentialFeed;
			productReference = 91978FB42B2B4428008714AF /* EssentialFeed.framework */;
			productType = "com.apple.product-type.framework";
		};
		91978FBD2B2B4428008714AF /* EssentialFeedTests */ = {
			isa = PBXNativeTarget;
			buildConfigurationList = 91978FCB2B2B4428008714AF /* Build configuration list for PBXNativeTarget "EssentialFeedTests" */;
			buildPhases = (
				91978FBA2B2B4428008714AF /* Sources */,
				91978FBB2B2B4428008714AF /* Frameworks */,
				91978FBC2B2B4428008714AF /* Resources */,
			);
			buildRules = (
			);
			dependencies = (
				91978FC12B2B4428008714AF /* PBXTargetDependency */,
			);
			name = EssentialFeedTests;
			productName = EssentialFeedTests;
			productReference = 91978FBE2B2B4428008714AF /* EssentialFeedTests.xctest */;
			productType = "com.apple.product-type.bundle.unit-test";
		};
		91B6DEF42B32EC050026B599 /* EssentialFeedAPIEndToEndTests */ = {
			isa = PBXNativeTarget;
			buildConfigurationList = 91B6DEFC2B32EC050026B599 /* Build configuration list for PBXNativeTarget "EssentialFeedAPIEndToEndTests" */;
			buildPhases = (
				91B6DEF12B32EC050026B599 /* Sources */,
				91B6DEF22B32EC050026B599 /* Frameworks */,
				91B6DEF32B32EC050026B599 /* Resources */,
			);
			buildRules = (
			);
			dependencies = (
				91B6DEFB2B32EC050026B599 /* PBXTargetDependency */,
			);
			name = EssentialFeedAPIEndToEndTests;
			productName = EssentialFeedAPIEndToEndTests;
			productReference = 91B6DEF52B32EC050026B599 /* EssentialFeedAPIEndToEndTests.xctest */;
			productType = "com.apple.product-type.bundle.unit-test";
		};
/* End PBXNativeTarget section */

/* Begin PBXProject section */
		91978FAB2B2B4428008714AF /* Project object */ = {
			isa = PBXProject;
			attributes = {
				BuildIndependentTargetsInParallel = 1;
				LastSwiftUpdateCheck = 1500;
				LastUpgradeCheck = 1500;
				TargetAttributes = {
					91978FB32B2B4428008714AF = {
						CreatedOnToolsVersion = 15.0.1;
					};
					91978FBD2B2B4428008714AF = {
						CreatedOnToolsVersion = 15.0.1;
					};
					91B6DEF42B32EC050026B599 = {
						CreatedOnToolsVersion = 15.0.1;
					};
				};
			};
			buildConfigurationList = 91978FAE2B2B4428008714AF /* Build configuration list for PBXProject "EssentialFeed" */;
			compatibilityVersion = "Xcode 14.0";
			developmentRegion = en;
			hasScannedForEncodings = 0;
			knownRegions = (
				en,
				Base,
			);
			mainGroup = 91978FAA2B2B4428008714AF;
			productRefGroup = 91978FB52B2B4428008714AF /* Products */;
			projectDirPath = "";
			projectRoot = "";
			targets = (
				91978FB32B2B4428008714AF /* EssentialFeed */,
				91978FBD2B2B4428008714AF /* EssentialFeedTests */,
				91B6DEF42B32EC050026B599 /* EssentialFeedAPIEndToEndTests */,
			);
		};
/* End PBXProject section */

/* Begin PBXResourcesBuildPhase section */
		91978FB22B2B4428008714AF /* Resources */ = {
			isa = PBXResourcesBuildPhase;
			buildActionMask = 2147483647;
			files = (
			);
			runOnlyForDeploymentPostprocessing = 0;
		};
		91978FBC2B2B4428008714AF /* Resources */ = {
			isa = PBXResourcesBuildPhase;
			buildActionMask = 2147483647;
			files = (
			);
			runOnlyForDeploymentPostprocessing = 0;
		};
		91B6DEF32B32EC050026B599 /* Resources */ = {
			isa = PBXResourcesBuildPhase;
			buildActionMask = 2147483647;
			files = (
			);
			runOnlyForDeploymentPostprocessing = 0;
		};
/* End PBXResourcesBuildPhase section */

/* Begin PBXSourcesBuildPhase section */
		91978FB02B2B4428008714AF /* Sources */ = {
			isa = PBXSourcesBuildPhase;
			buildActionMask = 2147483647;
			files = (
				918EB45D2B3ECF8E00B8E847 /* FeedStore.swift in Sources */,
				91B6DEEC2B31BF3B0026B599 /* URLSessionHTTPClient.swift in Sources */,
				91B6DEE62B2DDDB10026B599 /* FeedItemsMapper.swift in Sources */,
				91978FD72B2B5AD6008714AF /* RemoteFeedLoader.swift in Sources */,
				91B6DEE82B2DDE0D0026B599 /* HTTPClient.swift in Sources */,
				91978FD12B2B4705008714AF /* FeedLoader.swift in Sources */,
				91978FCF2B2B44BE008714AF /* FeedImage.swift in Sources */,
				918EB45B2B3ECED100B8E847 /* LocalFeedLoader.swift in Sources */,
				9102B0112B471101009B6464 /* CodableFeedStore.swift in Sources */,
				918EB46E2B455A0E00B8E847 /* FeedCachePolicy.swift in Sources */,
				91978FB92B2B4428008714AF /* EssentialFeed.docc in Sources */,
				918EB45F2B3F182300B8E847 /* RemoteFeedItem.swift in Sources */,
				918EB4612B3F187000B8E847 /* LocalFeedImage.swift in Sources */,
			);
			runOnlyForDeploymentPostprocessing = 0;
		};
		91978FBA2B2B4428008714AF /* Sources */ = {
			isa = PBXSourcesBuildPhase;
			buildActionMask = 2147483647;
			files = (
				91FBA62B2B4591890047E8B2 /* CodableFeedStoreTests.swift in Sources */,
				91B6DEEF2B31BFBB0026B599 /* XCTextCase+MemoryLeakTracking.swift in Sources */,
				91978FD42B2B48AD008714AF /* RemoteFeedLoaderTests.swift in Sources */,
				918EB46C2B44616800B8E847 /* SharedHelpers.swift in Sources */,
				918EB4662B440EFD00B8E847 /* FeedStoreSpy.swift in Sources */,
				918EB46A2B44601D00B8E847 /* Helpers.swift in Sources */,
				918EB4682B445A9C00B8E847 /* ValidateCacheTests.swift in Sources */,
				918EB4582B3DB6D400B8E847 /* SaveFeedInCacheTests.swift in Sources */,
				91B6DEEA2B3098ED0026B599 /* URLSessionHTTPClientTests.swift in Sources */,
				9102B0132B484643009B6464 /* FeedStoreSpecs.swift in Sources */,
				918EB4632B440D6100B8E847 /* LoadFeedFromCacheTests.swift in Sources */,
			);
			runOnlyForDeploymentPostprocessing = 0;
		};
		91B6DEF12B32EC050026B599 /* Sources */ = {
			isa = PBXSourcesBuildPhase;
			buildActionMask = 2147483647;
			files = (
				91B6DEFF2B32F1BB0026B599 /* XCTextCase+MemoryLeakTracking.swift in Sources */,
				91B6DEF82B32EC050026B599 /* EssentialFeedAPIEndToEndTests.swift in Sources */,
			);
			runOnlyForDeploymentPostprocessing = 0;
		};
/* End PBXSourcesBuildPhase section */

/* Begin PBXTargetDependency section */
		91978FC12B2B4428008714AF /* PBXTargetDependency */ = {
			isa = PBXTargetDependency;
			target = 91978FB32B2B4428008714AF /* EssentialFeed */;
			targetProxy = 91978FC02B2B4428008714AF /* PBXContainerItemProxy */;
		};
		91B6DEFB2B32EC050026B599 /* PBXTargetDependency */ = {
			isa = PBXTargetDependency;
			target = 91978FB32B2B4428008714AF /* EssentialFeed */;
			targetProxy = 91B6DEFA2B32EC050026B599 /* PBXContainerItemProxy */;
		};
/* End PBXTargetDependency section */

/* Begin XCBuildConfiguration section */
		91978FC62B2B4428008714AF /* Debug */ = {
			isa = XCBuildConfiguration;
			buildSettings = {
				ALWAYS_SEARCH_USER_PATHS = NO;
				ASSETCATALOG_COMPILER_GENERATE_SWIFT_ASSET_SYMBOL_EXTENSIONS = YES;
				CLANG_ANALYZER_NONNULL = YES;
				CLANG_ANALYZER_NUMBER_OBJECT_CONVERSION = YES_AGGRESSIVE;
				CLANG_CXX_LANGUAGE_STANDARD = "gnu++20";
				CLANG_ENABLE_MODULES = YES;
				CLANG_ENABLE_OBJC_ARC = YES;
				CLANG_ENABLE_OBJC_WEAK = YES;
				CLANG_WARN_BLOCK_CAPTURE_AUTORELEASING = YES;
				CLANG_WARN_BOOL_CONVERSION = YES;
				CLANG_WARN_COMMA = YES;
				CLANG_WARN_CONSTANT_CONVERSION = YES;
				CLANG_WARN_DEPRECATED_OBJC_IMPLEMENTATIONS = YES;
				CLANG_WARN_DIRECT_OBJC_ISA_USAGE = YES_ERROR;
				CLANG_WARN_DOCUMENTATION_COMMENTS = YES;
				CLANG_WARN_EMPTY_BODY = YES;
				CLANG_WARN_ENUM_CONVERSION = YES;
				CLANG_WARN_INFINITE_RECURSION = YES;
				CLANG_WARN_INT_CONVERSION = YES;
				CLANG_WARN_NON_LITERAL_NULL_CONVERSION = YES;
				CLANG_WARN_OBJC_IMPLICIT_RETAIN_SELF = YES;
				CLANG_WARN_OBJC_LITERAL_CONVERSION = YES;
				CLANG_WARN_OBJC_ROOT_CLASS = YES_ERROR;
				CLANG_WARN_QUOTED_INCLUDE_IN_FRAMEWORK_HEADER = YES;
				CLANG_WARN_RANGE_LOOP_ANALYSIS = YES;
				CLANG_WARN_STRICT_PROTOTYPES = YES;
				CLANG_WARN_SUSPICIOUS_MOVE = YES;
				CLANG_WARN_UNGUARDED_AVAILABILITY = YES_AGGRESSIVE;
				CLANG_WARN_UNREACHABLE_CODE = YES;
				CLANG_WARN__DUPLICATE_METHOD_MATCH = YES;
				COPY_PHASE_STRIP = NO;
				CURRENT_PROJECT_VERSION = 1;
				DEBUG_INFORMATION_FORMAT = dwarf;
				ENABLE_STRICT_OBJC_MSGSEND = YES;
				ENABLE_TESTABILITY = YES;
				ENABLE_USER_SCRIPT_SANDBOXING = YES;
				GCC_C_LANGUAGE_STANDARD = gnu17;
				GCC_DYNAMIC_NO_PIC = NO;
				GCC_NO_COMMON_BLOCKS = YES;
				GCC_OPTIMIZATION_LEVEL = 0;
				GCC_PREPROCESSOR_DEFINITIONS = (
					"DEBUG=1",
					"$(inherited)",
				);
				GCC_WARN_64_TO_32_BIT_CONVERSION = YES;
				GCC_WARN_ABOUT_RETURN_TYPE = YES_ERROR;
				GCC_WARN_UNDECLARED_SELECTOR = YES;
				GCC_WARN_UNINITIALIZED_AUTOS = YES_AGGRESSIVE;
				GCC_WARN_UNUSED_FUNCTION = YES;
				GCC_WARN_UNUSED_VARIABLE = YES;
				LOCALIZATION_PREFERS_STRING_CATALOGS = YES;
				MACOSX_DEPLOYMENT_TARGET = 13.5;
				MTL_ENABLE_DEBUG_INFO = INCLUDE_SOURCE;
				MTL_FAST_MATH = YES;
				ONLY_ACTIVE_ARCH = YES;
				SDKROOT = macosx;
				SWIFT_ACTIVE_COMPILATION_CONDITIONS = "DEBUG $(inherited)";
				SWIFT_OPTIMIZATION_LEVEL = "-Onone";
				VERSIONING_SYSTEM = "apple-generic";
				VERSION_INFO_PREFIX = "";
			};
			name = Debug;
		};
		91978FC72B2B4428008714AF /* Release */ = {
			isa = XCBuildConfiguration;
			buildSettings = {
				ALWAYS_SEARCH_USER_PATHS = NO;
				ASSETCATALOG_COMPILER_GENERATE_SWIFT_ASSET_SYMBOL_EXTENSIONS = YES;
				CLANG_ANALYZER_NONNULL = YES;
				CLANG_ANALYZER_NUMBER_OBJECT_CONVERSION = YES_AGGRESSIVE;
				CLANG_CXX_LANGUAGE_STANDARD = "gnu++20";
				CLANG_ENABLE_MODULES = YES;
				CLANG_ENABLE_OBJC_ARC = YES;
				CLANG_ENABLE_OBJC_WEAK = YES;
				CLANG_WARN_BLOCK_CAPTURE_AUTORELEASING = YES;
				CLANG_WARN_BOOL_CONVERSION = YES;
				CLANG_WARN_COMMA = YES;
				CLANG_WARN_CONSTANT_CONVERSION = YES;
				CLANG_WARN_DEPRECATED_OBJC_IMPLEMENTATIONS = YES;
				CLANG_WARN_DIRECT_OBJC_ISA_USAGE = YES_ERROR;
				CLANG_WARN_DOCUMENTATION_COMMENTS = YES;
				CLANG_WARN_EMPTY_BODY = YES;
				CLANG_WARN_ENUM_CONVERSION = YES;
				CLANG_WARN_INFINITE_RECURSION = YES;
				CLANG_WARN_INT_CONVERSION = YES;
				CLANG_WARN_NON_LITERAL_NULL_CONVERSION = YES;
				CLANG_WARN_OBJC_IMPLICIT_RETAIN_SELF = YES;
				CLANG_WARN_OBJC_LITERAL_CONVERSION = YES;
				CLANG_WARN_OBJC_ROOT_CLASS = YES_ERROR;
				CLANG_WARN_QUOTED_INCLUDE_IN_FRAMEWORK_HEADER = YES;
				CLANG_WARN_RANGE_LOOP_ANALYSIS = YES;
				CLANG_WARN_STRICT_PROTOTYPES = YES;
				CLANG_WARN_SUSPICIOUS_MOVE = YES;
				CLANG_WARN_UNGUARDED_AVAILABILITY = YES_AGGRESSIVE;
				CLANG_WARN_UNREACHABLE_CODE = YES;
				CLANG_WARN__DUPLICATE_METHOD_MATCH = YES;
				COPY_PHASE_STRIP = NO;
				CURRENT_PROJECT_VERSION = 1;
				DEBUG_INFORMATION_FORMAT = "dwarf-with-dsym";
				ENABLE_NS_ASSERTIONS = NO;
				ENABLE_STRICT_OBJC_MSGSEND = YES;
				ENABLE_USER_SCRIPT_SANDBOXING = YES;
				GCC_C_LANGUAGE_STANDARD = gnu17;
				GCC_NO_COMMON_BLOCKS = YES;
				GCC_WARN_64_TO_32_BIT_CONVERSION = YES;
				GCC_WARN_ABOUT_RETURN_TYPE = YES_ERROR;
				GCC_WARN_UNDECLARED_SELECTOR = YES;
				GCC_WARN_UNINITIALIZED_AUTOS = YES_AGGRESSIVE;
				GCC_WARN_UNUSED_FUNCTION = YES;
				GCC_WARN_UNUSED_VARIABLE = YES;
				LOCALIZATION_PREFERS_STRING_CATALOGS = YES;
				MACOSX_DEPLOYMENT_TARGET = 13.5;
				MTL_ENABLE_DEBUG_INFO = NO;
				MTL_FAST_MATH = YES;
				SDKROOT = macosx;
				SWIFT_COMPILATION_MODE = wholemodule;
				VERSIONING_SYSTEM = "apple-generic";
				VERSION_INFO_PREFIX = "";
			};
			name = Release;
		};
		91978FC92B2B4428008714AF /* Debug */ = {
			isa = XCBuildConfiguration;
			buildSettings = {
				CODE_SIGN_STYLE = Automatic;
				COMBINE_HIDPI_IMAGES = YES;
				CURRENT_PROJECT_VERSION = 1;
				DEFINES_MODULE = YES;
				DYLIB_COMPATIBILITY_VERSION = 1;
				DYLIB_CURRENT_VERSION = 1;
				DYLIB_INSTALL_NAME_BASE = "@rpath";
				ENABLE_MODULE_VERIFIER = YES;
				GENERATE_INFOPLIST_FILE = YES;
				INFOPLIST_KEY_NSHumanReadableCopyright = "";
				INSTALL_PATH = "$(LOCAL_LIBRARY_DIR)/Frameworks";
				LD_RUNPATH_SEARCH_PATHS = (
					"$(inherited)",
					"@executable_path/../Frameworks",
					"@loader_path/Frameworks",
				);
				MARKETING_VERSION = 1.0;
				MODULE_VERIFIER_SUPPORTED_LANGUAGES = "objective-c objective-c++";
				MODULE_VERIFIER_SUPPORTED_LANGUAGE_STANDARDS = "gnu17 gnu++20";
				PRODUCT_BUNDLE_IDENTIFIER = com.agnesebussone.EssentialFeed;
				PRODUCT_NAME = "$(TARGET_NAME:c99extidentifier)";
				SKIP_INSTALL = YES;
				SWIFT_EMIT_LOC_STRINGS = YES;
				SWIFT_VERSION = 5.0;
			};
			name = Debug;
		};
		91978FCA2B2B4428008714AF /* Release */ = {
			isa = XCBuildConfiguration;
			buildSettings = {
				CODE_SIGN_STYLE = Automatic;
				COMBINE_HIDPI_IMAGES = YES;
				CURRENT_PROJECT_VERSION = 1;
				DEFINES_MODULE = YES;
				DYLIB_COMPATIBILITY_VERSION = 1;
				DYLIB_CURRENT_VERSION = 1;
				DYLIB_INSTALL_NAME_BASE = "@rpath";
				ENABLE_MODULE_VERIFIER = YES;
				GENERATE_INFOPLIST_FILE = YES;
				INFOPLIST_KEY_NSHumanReadableCopyright = "";
				INSTALL_PATH = "$(LOCAL_LIBRARY_DIR)/Frameworks";
				LD_RUNPATH_SEARCH_PATHS = (
					"$(inherited)",
					"@executable_path/../Frameworks",
					"@loader_path/Frameworks",
				);
				MARKETING_VERSION = 1.0;
				MODULE_VERIFIER_SUPPORTED_LANGUAGES = "objective-c objective-c++";
				MODULE_VERIFIER_SUPPORTED_LANGUAGE_STANDARDS = "gnu17 gnu++20";
				PRODUCT_BUNDLE_IDENTIFIER = com.agnesebussone.EssentialFeed;
				PRODUCT_NAME = "$(TARGET_NAME:c99extidentifier)";
				SKIP_INSTALL = YES;
				SWIFT_EMIT_LOC_STRINGS = YES;
				SWIFT_VERSION = 5.0;
			};
			name = Release;
		};
		91978FCC2B2B4428008714AF /* Debug */ = {
			isa = XCBuildConfiguration;
			buildSettings = {
				ALWAYS_EMBED_SWIFT_STANDARD_LIBRARIES = YES;
				CODE_SIGN_STYLE = Automatic;
				CURRENT_PROJECT_VERSION = 1;
				GENERATE_INFOPLIST_FILE = YES;
				MARKETING_VERSION = 1.0;
				PRODUCT_BUNDLE_IDENTIFIER = com.agnesebussone.EssentialFeedTests;
				PRODUCT_NAME = "$(TARGET_NAME)";
				SWIFT_EMIT_LOC_STRINGS = NO;
				SWIFT_VERSION = 5.0;
			};
			name = Debug;
		};
		91978FCD2B2B4428008714AF /* Release */ = {
			isa = XCBuildConfiguration;
			buildSettings = {
				ALWAYS_EMBED_SWIFT_STANDARD_LIBRARIES = YES;
				CODE_SIGN_STYLE = Automatic;
				CURRENT_PROJECT_VERSION = 1;
				GENERATE_INFOPLIST_FILE = YES;
				MARKETING_VERSION = 1.0;
				PRODUCT_BUNDLE_IDENTIFIER = com.agnesebussone.EssentialFeedTests;
				PRODUCT_NAME = "$(TARGET_NAME)";
				SWIFT_EMIT_LOC_STRINGS = NO;
				SWIFT_VERSION = 5.0;
			};
			name = Release;
		};
		91B6DEFD2B32EC050026B599 /* Debug */ = {
			isa = XCBuildConfiguration;
			buildSettings = {
				CODE_SIGN_STYLE = Automatic;
				CURRENT_PROJECT_VERSION = 1;
				DEVELOPMENT_TEAM = TAFA532H7Z;
				GENERATE_INFOPLIST_FILE = YES;
				MACOSX_DEPLOYMENT_TARGET = 13.5;
				MARKETING_VERSION = 1.0;
				PRODUCT_BUNDLE_IDENTIFIER = com.agnesebussone.EssentialFeedAPIEndToEndTests;
				PRODUCT_NAME = "$(TARGET_NAME)";
				SWIFT_EMIT_LOC_STRINGS = NO;
				SWIFT_VERSION = 5.0;
			};
			name = Debug;
		};
		91B6DEFE2B32EC050026B599 /* Release */ = {
			isa = XCBuildConfiguration;
			buildSettings = {
				CODE_SIGN_STYLE = Automatic;
				CURRENT_PROJECT_VERSION = 1;
				DEVELOPMENT_TEAM = TAFA532H7Z;
				GENERATE_INFOPLIST_FILE = YES;
				MACOSX_DEPLOYMENT_TARGET = 13.5;
				MARKETING_VERSION = 1.0;
				PRODUCT_BUNDLE_IDENTIFIER = com.agnesebussone.EssentialFeedAPIEndToEndTests;
				PRODUCT_NAME = "$(TARGET_NAME)";
				SWIFT_EMIT_LOC_STRINGS = NO;
				SWIFT_VERSION = 5.0;
			};
			name = Release;
		};
/* End XCBuildConfiguration section */

/* Begin XCConfigurationList section */
		91978FAE2B2B4428008714AF /* Build configuration list for PBXProject "EssentialFeed" */ = {
			isa = XCConfigurationList;
			buildConfigurations = (
				91978FC62B2B4428008714AF /* Debug */,
				91978FC72B2B4428008714AF /* Release */,
			);
			defaultConfigurationIsVisible = 0;
			defaultConfigurationName = Release;
		};
		91978FC82B2B4428008714AF /* Build configuration list for PBXNativeTarget "EssentialFeed" */ = {
			isa = XCConfigurationList;
			buildConfigurations = (
				91978FC92B2B4428008714AF /* Debug */,
				91978FCA2B2B4428008714AF /* Release */,
			);
			defaultConfigurationIsVisible = 0;
			defaultConfigurationName = Release;
		};
		91978FCB2B2B4428008714AF /* Build configuration list for PBXNativeTarget "EssentialFeedTests" */ = {
			isa = XCConfigurationList;
			buildConfigurations = (
				91978FCC2B2B4428008714AF /* Debug */,
				91978FCD2B2B4428008714AF /* Release */,
			);
			defaultConfigurationIsVisible = 0;
			defaultConfigurationName = Release;
		};
		91B6DEFC2B32EC050026B599 /* Build configuration list for PBXNativeTarget "EssentialFeedAPIEndToEndTests" */ = {
			isa = XCConfigurationList;
			buildConfigurations = (
				91B6DEFD2B32EC050026B599 /* Debug */,
				91B6DEFE2B32EC050026B599 /* Release */,
			);
			defaultConfigurationIsVisible = 0;
			defaultConfigurationName = Release;
		};
/* End XCConfigurationList section */
	};
	rootObject = 91978FAB2B2B4428008714AF /* Project object */;
}
